<?xml version="1.0" encoding="UTF-8"?>
<Scheme
   LastUpgradeVersion = "1540"
   version = "1.7">
   <BuildAction
      parallelizeBuildables = "YES"
      buildImplicitDependencies = "YES"
      buildArchitectures = "Automatic">
      <BuildActionEntries>
         <BuildActionEntry
            buildForTesting = "YES"
            buildForRunning = "YES"
            buildForProfiling = "YES"
            buildForArchiving = "YES"
            buildForAnalyzing = "YES">
            <BuildableReference
               BuildableIdentifier = "primary"
               BlueprintIdentifier = "5639A5312BFF95930086857F"
               BuildableName = "Grocery Guru.app"
               BlueprintName = "Grocery Guru"
               ReferencedContainer = "container:Grocery Guru.xcodeproj">
            </BuildableReference>
         </BuildActionEntry>
      </BuildActionEntries>
   </BuildAction>
   <TestAction
      buildConfiguration = "Debug"
      selectedDebuggerIdentifier = "Xcode.DebuggerFoundation.Debugger.LLDB"
      selectedLauncherIdentifier = "Xcode.DebuggerFoundation.Launcher.LLDB"
      shouldUseLaunchSchemeArgsEnv = "YES">
      <PostActions>
         <ExecutionAction
            ActionType = "Xcode.IDEStandardExecutionActionsCore.ExecutionActionType.ShellScriptAction">
            <ActionContent
               title = "Run Script"
               scriptText = "# Type a script or drag a script file from your workspace to insert its path.&#10;# Replace &quot;YourAppTarget&quot; with your actual app target name&#10;COVERAGE_DIR=&quot;${OBJECT_FILE_DIR_normal}/${CURRENT_ARCH}/&quot;&#10;COVERAGE_PROFRAW=&quot;${COVERAGE_DIR}/Grocery Guru.profraw&quot;&#10;COVERAGE_PROFDATA=&quot;${COVERAGE_DIR}/Gorcery Guru.profdata&quot;&#10;&#10;# Merge profraw files into a single profdata file&#10;xcrun llvm-profdata merge -sparse &quot;${COVERAGE_PROFRAW}&quot; -o &quot;${COVERAGE_PROFDATA}&quot;&#10;&#10;# Export the coverage data&#10;xcrun llvm-cov export -format=&quot;lcov&quot; &quot;${COVERAGE_PROFDATA}&quot; --instr-profile &quot;${COVERAGE_PROFDATA}&quot; &gt; &quot;${SRCROOT}/coverage.lcov&quot;&#10;">
               <EnvironmentBuildable>
                  <BuildableReference
                     BuildableIdentifier = "primary"
                     BlueprintIdentifier = "5639A5312BFF95930086857F"
                     BuildableName = "Grocery Guru.app"
                     BlueprintName = "Grocery Guru"
                     ReferencedContainer = "container:Grocery Guru.xcodeproj">
                  </BuildableReference>
               </EnvironmentBuildable>
            </ActionContent>
         </ExecutionAction>
      </PostActions>
      <TestPlans>
         <TestPlanReference
            reference = "container:Grocery Guru.xctestplan"
            default = "YES">
         </TestPlanReference>
      </TestPlans>
      <Testables>
         <TestableReference
            skipped = "NO"
            parallelizable = "YES">
            <BuildableReference
               BuildableIdentifier = "primary"
               BlueprintIdentifier = "5639A5432BFF95940086857F"
               BuildableName = "Grocery GuruTests.xctest"
               BlueprintName = "Grocery GuruTests"
               ReferencedContainer = "container:Grocery Guru.xcodeproj">
            </BuildableReference>
         </TestableReference>
      </Testables>
   </TestAction>
   <LaunchAction
      buildConfiguration = "Debug"
      selectedDebuggerIdentifier = "Xcode.DebuggerFoundation.Debugger.LLDB"
      selectedLauncherIdentifier = "Xcode.DebuggerFoundation.Launcher.LLDB"
      launchStyle = "0"
      useCustomWorkingDirectory = "NO"
      ignoresPersistentStateOnLaunch = "NO"
      debugDocumentVersioning = "YES"
      debugServiceExtension = "internal"
      allowLocationSimulation = "YES">
      <BuildableProductRunnable
         runnableDebuggingMode = "0">
         <BuildableReference
            BuildableIdentifier = "primary"
            BlueprintIdentifier = "5639A5312BFF95930086857F"
            BuildableName = "Grocery Guru.app"
            BlueprintName = "Grocery Guru"
            ReferencedContainer = "container:Grocery Guru.xcodeproj">
         </BuildableReference>
      </BuildableProductRunnable>
   </LaunchAction>
   <ProfileAction
      buildConfiguration = "Release"
      shouldUseLaunchSchemeArgsEnv = "YES"
      savedToolIdentifier = ""
      useCustomWorkingDirectory = "NO"
      debugDocumentVersioning = "YES">
      <BuildableProductRunnable
         runnableDebuggingMode = "0">
         <BuildableReference
            BuildableIdentifier = "primary"
            BlueprintIdentifier = "5639A5312BFF95930086857F"
            BuildableName = "Grocery Guru.app"
            BlueprintName = "Grocery Guru"
            ReferencedContainer = "container:Grocery Guru.xcodeproj">
         </BuildableReference>
      </BuildableProductRunnable>
   </ProfileAction>
   <AnalyzeAction
      buildConfiguration = "Debug">
   </AnalyzeAction>
   <ArchiveAction
      buildConfiguration = "Release"
      revealArchiveInOrganizer = "YES">
   </ArchiveAction>
</Scheme>
