// !$*UTF8*$!
{
	archiveVersion = 1;
	classes = {
	};
	objectVersion = 56;
	objects = {

/* Begin PBXBuildFile section */
		560AA7CF2C02627C00365B1F /* ScannerView.swift in Sources */ = {isa = PBXBuildFile; fileRef = 560AA7CE2C02627C00365B1F /* ScannerView.swift */; };
		560AA7D12C0262BA00365B1F /* TextRecognizerService.swift in Sources */ = {isa = PBXBuildFile; fileRef = 560AA7D02C0262BA00365B1F /* TextRecognizerService.swift */; };
		560AA7D32C026C9D00365B1F /* HomeViewModel.swift in Sources */ = {isa = PBXBuildFile; fileRef = 560AA7D22C026C9D00365B1F /* HomeViewModel.swift */; };
		560AA7D62C02756600365B1F /* TestAssets.xcassets in Resources */ = {isa = PBXBuildFile; fileRef = 560AA7D52C02756600365B1F /* TestAssets.xcassets */; };
		56346D4B2C0E671200454E17 /* AddInvoiceView.swift in Sources */ = {isa = PBXBuildFile; fileRef = 56346D4A2C0E671200454E17 /* AddInvoiceView.swift */; };
		56346D4D2C0E68E000454E17 /* AddInvoiceOption.swift in Sources */ = {isa = PBXBuildFile; fileRef = 56346D4C2C0E68E000454E17 /* AddInvoiceOption.swift */; };
		5639A5492BFF95940086857F /* LocalItemRepositoryTests.swift in Sources */ = {isa = PBXBuildFile; fileRef = 5639A5482BFF95940086857F /* LocalItemRepositoryTests.swift */; };
		5639A5702BFF97BD0086857F /* Assets.xcassets in Resources */ = {isa = PBXBuildFile; fileRef = 5639A5612BFF97BD0086857F /* Assets.xcassets */; };
		5639A5712BFF97BD0086857F /* App.swift in Sources */ = {isa = PBXBuildFile; fileRef = 5639A5632BFF97BD0086857F /* App.swift */; };
		5639A5722BFF97BD0086857F /* Preview Assets.xcassets in Resources */ = {isa = PBXBuildFile; fileRef = 5639A5652BFF97BD0086857F /* Preview Assets.xcassets */; };
		5639A5742BFF97BD0086857F /* InvoiceItem.swift in Sources */ = {isa = PBXBuildFile; fileRef = 5639A5682BFF97BD0086857F /* InvoiceItem.swift */; };
		5639A5752BFF97BD0086857F /* InvoiceItemCategory.swift in Sources */ = {isa = PBXBuildFile; fileRef = 5639A5692BFF97BD0086857F /* InvoiceItemCategory.swift */; };
		5639A5782BFF97BD0086857F /* HomeView.swift in Sources */ = {isa = PBXBuildFile; fileRef = 5639A56E2BFF97BD0086857F /* HomeView.swift */; };
		563F2F622C0F50D0005BA713 /* RepositoryError.swift in Sources */ = {isa = PBXBuildFile; fileRef = 563F2F612C0F50D0005BA713 /* RepositoryError.swift */; };
		56415D012C0CCAE100C58D4E /* .swiftlint.yml in Resources */ = {isa = PBXBuildFile; fileRef = 56415D002C0CCAE100C58D4E /* .swiftlint.yml */; };
		5655F7082C0D2D0800C80708 /* NavigationKey.swift in Sources */ = {isa = PBXBuildFile; fileRef = 5655F7072C0D2D0800C80708 /* NavigationKey.swift */; };
		5655F70A2C0D2D6F00C80708 /* NavigationDestination.swift in Sources */ = {isa = PBXBuildFile; fileRef = 5655F7092C0D2D6F00C80708 /* NavigationDestination.swift */; };
		5655F70D2C0D2DA100C80708 /* NavigationServiceProtocol.swift in Sources */ = {isa = PBXBuildFile; fileRef = 5655F70C2C0D2DA100C80708 /* NavigationServiceProtocol.swift */; };
		5655F7102C0D2E0100C80708 /* InvoiceItemList.swift in Sources */ = {isa = PBXBuildFile; fileRef = 5655F70F2C0D2E0100C80708 /* InvoiceItemList.swift */; };
		5655F7122C0D346C00C80708 /* InvoiceItemListRow.swift in Sources */ = {isa = PBXBuildFile; fileRef = 5655F7112C0D346C00C80708 /* InvoiceItemListRow.swift */; };
		5655F7142C0D36E300C80708 /* ErrorView.swift in Sources */ = {isa = PBXBuildFile; fileRef = 5655F7132C0D36E300C80708 /* ErrorView.swift */; };
		56E964342BFFABA70099ED2F /* InvoiceItemRepository.swift in Sources */ = {isa = PBXBuildFile; fileRef = 56E964332BFFABA70099ED2F /* InvoiceItemRepository.swift */; };
		56FAFB5B2C0BD75900370D7F /* Emoji.swift in Sources */ = {isa = PBXBuildFile; fileRef = 56FAFB5A2C0BD75900370D7F /* Emoji.swift */; };
		56FAFB5D2C0BDA8900370D7F /* Constants.swift in Sources */ = {isa = PBXBuildFile; fileRef = 56FAFB5C2C0BDA8900370D7F /* Constants.swift */; };
		56FAFB602C0BDB1200370D7F /* InvoiceCategoryCard.swift in Sources */ = {isa = PBXBuildFile; fileRef = 56FAFB5F2C0BDB1200370D7F /* InvoiceCategoryCard.swift */; };
		56FCC0352C0CF62A003EAA8B /* NavigationService.swift in Sources */ = {isa = PBXBuildFile; fileRef = 56FCC0342C0CF62A003EAA8B /* NavigationService.swift */; };
		56FFAC6A2C0BF13200D2D965 /* SectionHeader.swift in Sources */ = {isa = PBXBuildFile; fileRef = 56FFAC692C0BF13200D2D965 /* SectionHeader.swift */; };
		56FFAC722C0BF34900D2D965 /* DateFormatters.swift in Sources */ = {isa = PBXBuildFile; fileRef = 56FFAC712C0BF34900D2D965 /* DateFormatters.swift */; };
		56FFAC772C0C888200D2D965 /* InvoiceCategoryList.swift in Sources */ = {isa = PBXBuildFile; fileRef = 56FFAC762C0C888200D2D965 /* InvoiceCategoryList.swift */; };
		56FFAC792C0C89E800D2D965 /* HomeViewList.swift in Sources */ = {isa = PBXBuildFile; fileRef = 56FFAC782C0C89E800D2D965 /* HomeViewList.swift */; };
		56FFAC7B2C0C8B9B00D2D965 /* AddInvoiceButton.swift in Sources */ = {isa = PBXBuildFile; fileRef = 56FFAC7A2C0C8B9B00D2D965 /* AddInvoiceButton.swift */; };
		56FFAC7E2C0C902800D2D965 /* LocalStorageItemRepository.swift in Sources */ = {isa = PBXBuildFile; fileRef = 56FFAC7D2C0C902800D2D965 /* LocalStorageItemRepository.swift */; };
		56FFAC802C0C904F00D2D965 /* MockItemRepository.swift in Sources */ = {isa = PBXBuildFile; fileRef = 56FFAC7F2C0C904F00D2D965 /* MockItemRepository.swift */; };
		56FFAC822C0CC82300D2D965 /* Localizable.xcstrings in Resources */ = {isa = PBXBuildFile; fileRef = 56FFAC812C0CC82300D2D965 /* Localizable.xcstrings */; };
/* End PBXBuildFile section */

/* Begin PBXContainerItemProxy section */
		5639A5452BFF95940086857F /* PBXContainerItemProxy */ = {
			isa = PBXContainerItemProxy;
			containerPortal = 5639A52A2BFF95930086857F /* Project object */;
			proxyType = 1;
			remoteGlobalIDString = 5639A5312BFF95930086857F;
			remoteInfo = "Grocery Guru";
		};
/* End PBXContainerItemProxy section */

/* Begin PBXFileReference section */
		560AA7CE2C02627C00365B1F /* ScannerView.swift */ = {isa = PBXFileReference; lastKnownFileType = sourcecode.swift; path = ScannerView.swift; sourceTree = "<group>"; };
		560AA7D02C0262BA00365B1F /* TextRecognizerService.swift */ = {isa = PBXFileReference; lastKnownFileType = sourcecode.swift; path = TextRecognizerService.swift; sourceTree = "<group>"; };
		560AA7D22C026C9D00365B1F /* HomeViewModel.swift */ = {isa = PBXFileReference; lastKnownFileType = sourcecode.swift; path = HomeViewModel.swift; sourceTree = "<group>"; };
		560AA7D52C02756600365B1F /* TestAssets.xcassets */ = {isa = PBXFileReference; lastKnownFileType = folder.assetcatalog; path = TestAssets.xcassets; sourceTree = "<group>"; };
		560AA7D72C02796B00365B1F /* Grocery Guru.xctestplan */ = {isa = PBXFileReference; lastKnownFileType = text; path = "Grocery Guru.xctestplan"; sourceTree = "<group>"; };
		56346D4A2C0E671200454E17 /* AddInvoiceView.swift */ = {isa = PBXFileReference; lastKnownFileType = sourcecode.swift; path = AddInvoiceView.swift; sourceTree = "<group>"; };
		56346D4C2C0E68E000454E17 /* AddInvoiceOption.swift */ = {isa = PBXFileReference; lastKnownFileType = sourcecode.swift; path = AddInvoiceOption.swift; sourceTree = "<group>"; };
		5639A5322BFF95930086857F /* Grocery Guru.app */ = {isa = PBXFileReference; explicitFileType = wrapper.application; includeInIndex = 0; path = "Grocery Guru.app"; sourceTree = BUILT_PRODUCTS_DIR; };
		5639A5442BFF95940086857F /* Grocery GuruTests.xctest */ = {isa = PBXFileReference; explicitFileType = wrapper.cfbundle; includeInIndex = 0; path = "Grocery GuruTests.xctest"; sourceTree = BUILT_PRODUCTS_DIR; };
		5639A5482BFF95940086857F /* LocalItemRepositoryTests.swift */ = {isa = PBXFileReference; lastKnownFileType = sourcecode.swift; path = LocalItemRepositoryTests.swift; sourceTree = "<group>"; };
		5639A5612BFF97BD0086857F /* Assets.xcassets */ = {isa = PBXFileReference; lastKnownFileType = folder.assetcatalog; path = Assets.xcassets; sourceTree = "<group>"; };
		5639A5632BFF97BD0086857F /* App.swift */ = {isa = PBXFileReference; fileEncoding = 4; lastKnownFileType = sourcecode.swift; path = App.swift; sourceTree = "<group>"; };
		5639A5652BFF97BD0086857F /* Preview Assets.xcassets */ = {isa = PBXFileReference; lastKnownFileType = folder.assetcatalog; path = "Preview Assets.xcassets"; sourceTree = "<group>"; };
		5639A5682BFF97BD0086857F /* InvoiceItem.swift */ = {isa = PBXFileReference; fileEncoding = 4; lastKnownFileType = sourcecode.swift; path = InvoiceItem.swift; sourceTree = "<group>"; };
		5639A5692BFF97BD0086857F /* InvoiceItemCategory.swift */ = {isa = PBXFileReference; fileEncoding = 4; lastKnownFileType = sourcecode.swift; path = InvoiceItemCategory.swift; sourceTree = "<group>"; usesTabs = 0; wrapsLines = 1; };
		5639A56E2BFF97BD0086857F /* HomeView.swift */ = {isa = PBXFileReference; fileEncoding = 4; lastKnownFileType = sourcecode.swift; path = HomeView.swift; sourceTree = "<group>"; };
		563F2F612C0F50D0005BA713 /* RepositoryError.swift */ = {isa = PBXFileReference; lastKnownFileType = sourcecode.swift; path = RepositoryError.swift; sourceTree = "<group>"; };
		56415D002C0CCAE100C58D4E /* .swiftlint.yml */ = {isa = PBXFileReference; fileEncoding = 4; lastKnownFileType = text.yaml; path = .swiftlint.yml; sourceTree = "<group>"; };
		5655F7072C0D2D0800C80708 /* NavigationKey.swift */ = {isa = PBXFileReference; lastKnownFileType = sourcecode.swift; path = NavigationKey.swift; sourceTree = "<group>"; };
		5655F7092C0D2D6F00C80708 /* NavigationDestination.swift */ = {isa = PBXFileReference; lastKnownFileType = sourcecode.swift; path = NavigationDestination.swift; sourceTree = "<group>"; };
		5655F70C2C0D2DA100C80708 /* NavigationServiceProtocol.swift */ = {isa = PBXFileReference; lastKnownFileType = sourcecode.swift; path = NavigationServiceProtocol.swift; sourceTree = "<group>"; };
		5655F70F2C0D2E0100C80708 /* InvoiceItemList.swift */ = {isa = PBXFileReference; lastKnownFileType = sourcecode.swift; path = InvoiceItemList.swift; sourceTree = "<group>"; };
		5655F7112C0D346C00C80708 /* InvoiceItemListRow.swift */ = {isa = PBXFileReference; lastKnownFileType = sourcecode.swift; path = InvoiceItemListRow.swift; sourceTree = "<group>"; };
		5655F7132C0D36E300C80708 /* ErrorView.swift */ = {isa = PBXFileReference; lastKnownFileType = sourcecode.swift; path = ErrorView.swift; sourceTree = "<group>"; };
		567D8FE12C0288DD007C4076 /* Grocery-Guru-Info.plist */ = {isa = PBXFileReference; lastKnownFileType = text.plist; path = "Grocery-Guru-Info.plist"; sourceTree = SOURCE_ROOT; };
		56E964332BFFABA70099ED2F /* InvoiceItemRepository.swift */ = {isa = PBXFileReference; lastKnownFileType = sourcecode.swift; path = InvoiceItemRepository.swift; sourceTree = "<group>"; };
		56FAFB5A2C0BD75900370D7F /* Emoji.swift */ = {isa = PBXFileReference; lastKnownFileType = sourcecode.swift; path = Emoji.swift; sourceTree = "<group>"; };
		56FAFB5C2C0BDA8900370D7F /* Constants.swift */ = {isa = PBXFileReference; lastKnownFileType = sourcecode.swift; path = Constants.swift; sourceTree = "<group>"; };
		56FAFB5F2C0BDB1200370D7F /* InvoiceCategoryCard.swift */ = {isa = PBXFileReference; lastKnownFileType = sourcecode.swift; path = InvoiceCategoryCard.swift; sourceTree = "<group>"; };
		56FCC0342C0CF62A003EAA8B /* NavigationService.swift */ = {isa = PBXFileReference; lastKnownFileType = sourcecode.swift; path = NavigationService.swift; sourceTree = "<group>"; };
		56FFAC692C0BF13200D2D965 /* SectionHeader.swift */ = {isa = PBXFileReference; lastKnownFileType = sourcecode.swift; path = SectionHeader.swift; sourceTree = "<group>"; };
		56FFAC712C0BF34900D2D965 /* DateFormatters.swift */ = {isa = PBXFileReference; lastKnownFileType = sourcecode.swift; path = DateFormatters.swift; sourceTree = "<group>"; };
		56FFAC762C0C888200D2D965 /* InvoiceCategoryList.swift */ = {isa = PBXFileReference; lastKnownFileType = sourcecode.swift; path = InvoiceCategoryList.swift; sourceTree = "<group>"; };
		56FFAC782C0C89E800D2D965 /* HomeViewList.swift */ = {isa = PBXFileReference; lastKnownFileType = sourcecode.swift; path = HomeViewList.swift; sourceTree = "<group>"; };
		56FFAC7A2C0C8B9B00D2D965 /* AddInvoiceButton.swift */ = {isa = PBXFileReference; lastKnownFileType = sourcecode.swift; path = AddInvoiceButton.swift; sourceTree = "<group>"; };
		56FFAC7D2C0C902800D2D965 /* LocalStorageItemRepository.swift */ = {isa = PBXFileReference; lastKnownFileType = sourcecode.swift; path = LocalStorageItemRepository.swift; sourceTree = "<group>"; };
		56FFAC7F2C0C904F00D2D965 /* MockItemRepository.swift */ = {isa = PBXFileReference; lastKnownFileType = sourcecode.swift; path = MockItemRepository.swift; sourceTree = "<group>"; };
		56FFAC812C0CC82300D2D965 /* Localizable.xcstrings */ = {isa = PBXFileReference; lastKnownFileType = text.json.xcstrings; path = Localizable.xcstrings; sourceTree = "<group>"; };
/* End PBXFileReference section */

/* Begin PBXFrameworksBuildPhase section */
		5639A52F2BFF95930086857F /* Frameworks */ = {
			isa = PBXFrameworksBuildPhase;
			buildActionMask = 2147483647;
			files = (
			);
			runOnlyForDeploymentPostprocessing = 0;
		};
		5639A5412BFF95940086857F /* Frameworks */ = {
			isa = PBXFrameworksBuildPhase;
			buildActionMask = 2147483647;
			files = (
			);
			runOnlyForDeploymentPostprocessing = 0;
		};
/* End PBXFrameworksBuildPhase section */

/* Begin PBXGroup section */
		560AA7D42C026E5B00365B1F /* Scanner */ = {
			isa = PBXGroup;
			children = (
				560AA7CE2C02627C00365B1F /* ScannerView.swift */,
			);
			path = Scanner;
			sourceTree = "<group>";
		};
		56346D482C0E669800454E17 /* Buttons */ = {
			isa = PBXGroup;
			children = (
				56FFAC7A2C0C8B9B00D2D965 /* AddInvoiceButton.swift */,
			);
			path = Buttons;
			sourceTree = "<group>";
		};
		56346D492C0E670200454E17 /* Add Invoice */ = {
			isa = PBXGroup;
			children = (
				560AA7D42C026E5B00365B1F /* Scanner */,
				56346D4A2C0E671200454E17 /* AddInvoiceView.swift */,
			);
			path = "Add Invoice";
			sourceTree = "<group>";
		};
		5639A5292BFF95930086857F = {
			isa = PBXGroup;
			children = (
				560AA7D72C02796B00365B1F /* Grocery Guru.xctestplan */,
				5639A5342BFF95930086857F /* Grocery Guru */,
				5639A5472BFF95940086857F /* Grocery GuruTests */,
				5639A5332BFF95930086857F /* Products */,
			);
			sourceTree = "<group>";
		};
		5639A5332BFF95930086857F /* Products */ = {
			isa = PBXGroup;
			children = (
				5639A5322BFF95930086857F /* Grocery Guru.app */,
				5639A5442BFF95940086857F /* Grocery GuruTests.xctest */,
			);
			name = Products;
			sourceTree = "<group>";
		};
		5639A5342BFF95930086857F /* Grocery Guru */ = {
			isa = PBXGroup;
			children = (
				56415D002C0CCAE100C58D4E /* .swiftlint.yml */,
				5639A5632BFF97BD0086857F /* App.swift */,
				567D8FE12C0288DD007C4076 /* Grocery-Guru-Info.plist */,
				5639A5622BFF97BD0086857F /* Assets */,
				5639A56A2BFF97BD0086857F /* Models */,
				5639A5662BFF97BD0086857F /* Preview Content */,
				5639A5792BFFAB390086857F /* Repositories */,
				5639A5642BFF97BD0086857F /* Services */,
				56FFAC6E2C0BF32700D2D965 /* Utils */,
				5639A56F2BFF97BD0086857F /* Views */,
			);
			path = "Grocery Guru";
			sourceTree = "<group>";
		};
		5639A5472BFF95940086857F /* Grocery GuruTests */ = {
			isa = PBXGroup;
			children = (
				563F2F632C0F5D26005BA713 /* Mocks */,
				5639A5482BFF95940086857F /* LocalItemRepositoryTests.swift */,
				560AA7D52C02756600365B1F /* TestAssets.xcassets */,
			);
			path = "Grocery GuruTests";
			sourceTree = "<group>";
		};
		5639A5622BFF97BD0086857F /* Assets */ = {
			isa = PBXGroup;
			children = (
				5639A5612BFF97BD0086857F /* Assets.xcassets */,
				56FFAC812C0CC82300D2D965 /* Localizable.xcstrings */,
				56FAFB5A2C0BD75900370D7F /* Emoji.swift */,
				56FAFB5C2C0BDA8900370D7F /* Constants.swift */,
			);
			path = Assets;
			sourceTree = "<group>";
		};
		5639A5642BFF97BD0086857F /* Services */ = {
			isa = PBXGroup;
			children = (
				560AA7D02C0262BA00365B1F /* TextRecognizerService.swift */,
				56FCC0342C0CF62A003EAA8B /* NavigationService.swift */,
				5655F70C2C0D2DA100C80708 /* NavigationServiceProtocol.swift */,
			);
			path = Services;
			sourceTree = "<group>";
		};
		5639A5662BFF97BD0086857F /* Preview Content */ = {
			isa = PBXGroup;
			children = (
				5639A5652BFF97BD0086857F /* Preview Assets.xcassets */,
			);
			path = "Preview Content";
			sourceTree = "<group>";
		};
		5639A56A2BFF97BD0086857F /* Models */ = {
			isa = PBXGroup;
			children = (
				56346D4C2C0E68E000454E17 /* AddInvoiceOption.swift */,
				5639A5682BFF97BD0086857F /* InvoiceItem.swift */,
				5639A5692BFF97BD0086857F /* InvoiceItemCategory.swift */,
				5655F7092C0D2D6F00C80708 /* NavigationDestination.swift */,
				563F2F612C0F50D0005BA713 /* RepositoryError.swift */,
				5655F7062C0D2CF900C80708 /* Environment */,
			);
			path = Models;
			sourceTree = "<group>";
		};
		5639A56F2BFF97BD0086857F /* Views */ = {
			isa = PBXGroup;
			children = (
				5655F70E2C0D2DE900C80708 /* Invoice Lists */,
				56FFAC6B2C0BF15000D2D965 /* Components */,
				56346D492C0E670200454E17 /* Add Invoice */,
				56E964352BFFAFF40099ED2F /* Home */,
			);
			path = Views;
			sourceTree = "<group>";
		};
		5639A5792BFFAB390086857F /* Repositories */ = {
			isa = PBXGroup;
			children = (
				56FFAC7C2C0C901400D2D965 /* InvoiceItem */,
			);
			path = Repositories;
			sourceTree = "<group>";
		};
		563F2F632C0F5D26005BA713 /* Mocks */ = {
			isa = PBXGroup;
			children = (
				56FFAC7F2C0C904F00D2D965 /* MockItemRepository.swift */,
			);
			path = Mocks;
			sourceTree = "<group>";
		};
		5655F7062C0D2CF900C80708 /* Environment */ = {
			isa = PBXGroup;
			children = (
				5655F7072C0D2D0800C80708 /* NavigationKey.swift */,
			);
			path = Environment;
			sourceTree = "<group>";
		};
		5655F70E2C0D2DE900C80708 /* Invoice Lists */ = {
			isa = PBXGroup;
			children = (
				5655F70F2C0D2E0100C80708 /* InvoiceItemList.swift */,
				5655F7112C0D346C00C80708 /* InvoiceItemListRow.swift */,
			);
			path = "Invoice Lists";
			sourceTree = "<group>";
		};
		56E964352BFFAFF40099ED2F /* Home */ = {
			isa = PBXGroup;
			children = (
				5639A56E2BFF97BD0086857F /* HomeView.swift */,
				56FFAC782C0C89E800D2D965 /* HomeViewList.swift */,
				560AA7D22C026C9D00365B1F /* HomeViewModel.swift */,
			);
			path = Home;
			sourceTree = "<group>";
		};
		56FAFB5E2C0BDAE400370D7F /* Invoice Category */ = {
			isa = PBXGroup;
			children = (
				56FAFB5F2C0BDB1200370D7F /* InvoiceCategoryCard.swift */,
				56FFAC762C0C888200D2D965 /* InvoiceCategoryList.swift */,
			);
			path = "Invoice Category";
			sourceTree = "<group>";
		};
		56FFAC6B2C0BF15000D2D965 /* Components */ = {
			isa = PBXGroup;
			children = (
				56346D482C0E669800454E17 /* Buttons */,
				56FFAC692C0BF13200D2D965 /* SectionHeader.swift */,
				56FAFB5E2C0BDAE400370D7F /* Invoice Category */,
				5655F7132C0D36E300C80708 /* ErrorView.swift */,
			);
			path = Components;
			sourceTree = "<group>";
		};
		56FFAC6E2C0BF32700D2D965 /* Utils */ = {
			isa = PBXGroup;
			children = (
				56FFAC6F2C0BF33200D2D965 /* Formatter */,
			);
			path = Utils;
			sourceTree = "<group>";
		};
		56FFAC6F2C0BF33200D2D965 /* Formatter */ = {
			isa = PBXGroup;
			children = (
				56FFAC702C0BF33F00D2D965 /* Date */,
			);
			path = Formatter;
			sourceTree = "<group>";
		};
		56FFAC702C0BF33F00D2D965 /* Date */ = {
			isa = PBXGroup;
			children = (
				56FFAC712C0BF34900D2D965 /* DateFormatters.swift */,
			);
			path = Date;
			sourceTree = "<group>";
		};
		56FFAC7C2C0C901400D2D965 /* InvoiceItem */ = {
			isa = PBXGroup;
			children = (
				56E964332BFFABA70099ED2F /* InvoiceItemRepository.swift */,
				56FFAC7D2C0C902800D2D965 /* LocalStorageItemRepository.swift */,
			);
			path = InvoiceItem;
			sourceTree = "<group>";
		};
/* End PBXGroup section */

/* Begin PBXNativeTarget section */
		5639A5312BFF95930086857F /* Grocery Guru */ = {
			isa = PBXNativeTarget;
			buildConfigurationList = 5639A5582BFF95940086857F /* Build configuration list for PBXNativeTarget "Grocery Guru" */;
			buildPhases = (
				5639A52E2BFF95930086857F /* Sources */,
				56415D022C0CCBC700C58D4E /* ShellScript */,
				5639A52F2BFF95930086857F /* Frameworks */,
				5639A5302BFF95930086857F /* Resources */,
			);
			buildRules = (
			);
			dependencies = (
			);
			name = "Grocery Guru";
			productName = "Grocery Guru";
			productReference = 5639A5322BFF95930086857F /* Grocery Guru.app */;
			productType = "com.apple.product-type.application";
		};
		5639A5432BFF95940086857F /* Grocery GuruTests */ = {
			isa = PBXNativeTarget;
			buildConfigurationList = 5639A55B2BFF95940086857F /* Build configuration list for PBXNativeTarget "Grocery GuruTests" */;
			buildPhases = (
				5639A5402BFF95940086857F /* Sources */,
				5639A5412BFF95940086857F /* Frameworks */,
				5639A5422BFF95940086857F /* Resources */,
			);
			buildRules = (
			);
			dependencies = (
				5639A5462BFF95940086857F /* PBXTargetDependency */,
			);
			name = "Grocery GuruTests";
			productName = "Grocery GuruTests";
			productReference = 5639A5442BFF95940086857F /* Grocery GuruTests.xctest */;
			productType = "com.apple.product-type.bundle.unit-test";
		};
/* End PBXNativeTarget section */

/* Begin PBXProject section */
		5639A52A2BFF95930086857F /* Project object */ = {
			isa = PBXProject;
			attributes = {
				BuildIndependentTargetsInParallel = 1;
				LastSwiftUpdateCheck = 1530;
				LastUpgradeCheck = 1530;
				TargetAttributes = {
					5639A5312BFF95930086857F = {
						CreatedOnToolsVersion = 15.3;
						LastSwiftMigration = 1530;
					};
					5639A5432BFF95940086857F = {
						CreatedOnToolsVersion = 15.3;
						TestTargetID = 5639A5312BFF95930086857F;
					};
				};
			};
			buildConfigurationList = 5639A52D2BFF95930086857F /* Build configuration list for PBXProject "Grocery Guru" */;
			compatibilityVersion = "Xcode 14.0";
			developmentRegion = en;
			hasScannedForEncodings = 0;
			knownRegions = (
				en,
				Base,
				de,
			);
			mainGroup = 5639A5292BFF95930086857F;
			productRefGroup = 5639A5332BFF95930086857F /* Products */;
			projectDirPath = "";
			projectRoot = "";
			targets = (
				5639A5312BFF95930086857F /* Grocery Guru */,
				5639A5432BFF95940086857F /* Grocery GuruTests */,
			);
		};
/* End PBXProject section */

/* Begin PBXResourcesBuildPhase section */
		5639A5302BFF95930086857F /* Resources */ = {
			isa = PBXResourcesBuildPhase;
			buildActionMask = 2147483647;
			files = (
				56415D012C0CCAE100C58D4E /* .swiftlint.yml in Resources */,
				5639A5722BFF97BD0086857F /* Preview Assets.xcassets in Resources */,
				5639A5702BFF97BD0086857F /* Assets.xcassets in Resources */,
				56FFAC822C0CC82300D2D965 /* Localizable.xcstrings in Resources */,
			);
			runOnlyForDeploymentPostprocessing = 0;
		};
		5639A5422BFF95940086857F /* Resources */ = {
			isa = PBXResourcesBuildPhase;
			buildActionMask = 2147483647;
			files = (
				560AA7D62C02756600365B1F /* TestAssets.xcassets in Resources */,
			);
			runOnlyForDeploymentPostprocessing = 0;
		};
/* End PBXResourcesBuildPhase section */

/* Begin PBXShellScriptBuildPhase section */
		56415D022C0CCBC700C58D4E /* ShellScript */ = {
			isa = PBXShellScriptBuildPhase;
			alwaysOutOfDate = 1;
			buildActionMask = 2147483647;
			files = (
			);
			inputFileListPaths = (
			);
			inputPaths = (
			);
			outputFileListPaths = (
			);
			outputPaths = (
			);
			runOnlyForDeploymentPostprocessing = 0;
			shellPath = /bin/sh;
			shellScript = "# Type a script or drag a script file from your workspace to insert its path.\nif [[ \"$(uname -m)\" == arm64 ]]\nthen\n    export PATH=\"/opt/homebrew/bin:$PATH\"\nfi\n\nif command -v swiftlint >/dev/null 2>&1\nthen\n    swiftlint\nelse\n    brew install swiftlint\n    swiftlint\nfi\n";
		};
/* End PBXShellScriptBuildPhase section */

/* Begin PBXSourcesBuildPhase section */
		5639A52E2BFF95930086857F /* Sources */ = {
			isa = PBXSourcesBuildPhase;
			buildActionMask = 2147483647;
			files = (
				5655F7142C0D36E300C80708 /* ErrorView.swift in Sources */,
				560AA7CF2C02627C00365B1F /* ScannerView.swift in Sources */,
				5655F70A2C0D2D6F00C80708 /* NavigationDestination.swift in Sources */,
				560AA7D32C026C9D00365B1F /* HomeViewModel.swift in Sources */,
				56FFAC6A2C0BF13200D2D965 /* SectionHeader.swift in Sources */,
				5655F7102C0D2E0100C80708 /* InvoiceItemList.swift in Sources */,
				5655F7082C0D2D0800C80708 /* NavigationKey.swift in Sources */,
				56FFAC792C0C89E800D2D965 /* HomeViewList.swift in Sources */,
				5639A5712BFF97BD0086857F /* App.swift in Sources */,
				56FFAC722C0BF34900D2D965 /* DateFormatters.swift in Sources */,
				560AA7D12C0262BA00365B1F /* TextRecognizerService.swift in Sources */,
				56FFAC802C0C904F00D2D965 /* MockItemRepository.swift in Sources */,
				56346D4B2C0E671200454E17 /* AddInvoiceView.swift in Sources */,
				5639A5782BFF97BD0086857F /* HomeView.swift in Sources */,
				56346D4D2C0E68E000454E17 /* AddInvoiceOption.swift in Sources */,
				56FAFB5B2C0BD75900370D7F /* Emoji.swift in Sources */,
				56FAFB5D2C0BDA8900370D7F /* Constants.swift in Sources */,
				5655F70D2C0D2DA100C80708 /* NavigationServiceProtocol.swift in Sources */,
				5639A5742BFF97BD0086857F /* InvoiceItem.swift in Sources */,
				56FFAC7B2C0C8B9B00D2D965 /* AddInvoiceButton.swift in Sources */,
				56FFAC772C0C888200D2D965 /* InvoiceCategoryList.swift in Sources */,
				5639A5752BFF97BD0086857F /* InvoiceItemCategory.swift in Sources */,
				5655F7122C0D346C00C80708 /* InvoiceItemListRow.swift in Sources */,
				56E964342BFFABA70099ED2F /* InvoiceItemRepository.swift in Sources */,
				56FAFB602C0BDB1200370D7F /* InvoiceCategoryCard.swift in Sources */,
				56FCC0352C0CF62A003EAA8B /* NavigationService.swift in Sources */,
				563F2F622C0F50D0005BA713 /* RepositoryError.swift in Sources */,
				56FFAC7E2C0C902800D2D965 /* LocalStorageItemRepository.swift in Sources */,
			);
			runOnlyForDeploymentPostprocessing = 0;
		};
		5639A5402BFF95940086857F /* Sources */ = {
			isa = PBXSourcesBuildPhase;
			buildActionMask = 2147483647;
			files = (
				5639A5492BFF95940086857F /* LocalItemRepositoryTests.swift in Sources */,
			);
			runOnlyForDeploymentPostprocessing = 0;
		};
/* End PBXSourcesBuildPhase section */

/* Begin PBXTargetDependency section */
		5639A5462BFF95940086857F /* PBXTargetDependency */ = {
			isa = PBXTargetDependency;
			target = 5639A5312BFF95930086857F /* Grocery Guru */;
			targetProxy = 5639A5452BFF95940086857F /* PBXContainerItemProxy */;
		};
/* End PBXTargetDependency section */

/* Begin XCBuildConfiguration section */
		5639A5562BFF95940086857F /* Debug */ = {
			isa = XCBuildConfiguration;
			buildSettings = {
				ALWAYS_SEARCH_USER_PATHS = NO;
				ASSETCATALOG_COMPILER_GENERATE_SWIFT_ASSET_SYMBOL_EXTENSIONS = YES;
				CLANG_ANALYZER_NONNULL = YES;
				CLANG_ANALYZER_NUMBER_OBJECT_CONVERSION = YES_AGGRESSIVE;
				CLANG_CXX_LANGUAGE_STANDARD = "gnu++20";
				CLANG_ENABLE_MODULES = YES;
				CLANG_ENABLE_OBJC_ARC = YES;
				CLANG_ENABLE_OBJC_WEAK = YES;
				CLANG_WARN_BLOCK_CAPTURE_AUTORELEASING = YES;
				CLANG_WARN_BOOL_CONVERSION = YES;
				CLANG_WARN_COMMA = YES;
				CLANG_WARN_CONSTANT_CONVERSION = YES;
				CLANG_WARN_DEPRECATED_OBJC_IMPLEMENTATIONS = YES;
				CLANG_WARN_DIRECT_OBJC_ISA_USAGE = YES_ERROR;
				CLANG_WARN_DOCUMENTATION_COMMENTS = YES;
				CLANG_WARN_EMPTY_BODY = YES;
				CLANG_WARN_ENUM_CONVERSION = YES;
				CLANG_WARN_INFINITE_RECURSION = YES;
				CLANG_WARN_INT_CONVERSION = YES;
				CLANG_WARN_NON_LITERAL_NULL_CONVERSION = YES;
				CLANG_WARN_OBJC_IMPLICIT_RETAIN_SELF = YES;
				CLANG_WARN_OBJC_LITERAL_CONVERSION = YES;
				CLANG_WARN_OBJC_ROOT_CLASS = YES_ERROR;
				CLANG_WARN_QUOTED_INCLUDE_IN_FRAMEWORK_HEADER = YES;
				CLANG_WARN_RANGE_LOOP_ANALYSIS = YES;
				CLANG_WARN_STRICT_PROTOTYPES = YES;
				CLANG_WARN_SUSPICIOUS_MOVE = YES;
				CLANG_WARN_UNGUARDED_AVAILABILITY = YES_AGGRESSIVE;
				CLANG_WARN_UNREACHABLE_CODE = YES;
				CLANG_WARN__DUPLICATE_METHOD_MATCH = YES;
				COPY_PHASE_STRIP = NO;
				DEBUG_INFORMATION_FORMAT = dwarf;
				ENABLE_STRICT_OBJC_MSGSEND = YES;
				ENABLE_TESTABILITY = YES;
				ENABLE_USER_SCRIPT_SANDBOXING = YES;
				GCC_C_LANGUAGE_STANDARD = gnu17;
				GCC_DYNAMIC_NO_PIC = NO;
				GCC_NO_COMMON_BLOCKS = YES;
				GCC_OPTIMIZATION_LEVEL = 0;
				GCC_PREPROCESSOR_DEFINITIONS = (
					"DEBUG=1",
					"$(inherited)",
				);
				GCC_WARN_64_TO_32_BIT_CONVERSION = YES;
				GCC_WARN_ABOUT_RETURN_TYPE = YES_ERROR;
				GCC_WARN_UNDECLARED_SELECTOR = YES;
				GCC_WARN_UNINITIALIZED_AUTOS = YES_AGGRESSIVE;
				GCC_WARN_UNUSED_FUNCTION = YES;
				GCC_WARN_UNUSED_VARIABLE = YES;
				IPHONEOS_DEPLOYMENT_TARGET = 17.4;
				LOCALIZATION_PREFERS_STRING_CATALOGS = YES;
				MTL_ENABLE_DEBUG_INFO = INCLUDE_SOURCE;
				MTL_FAST_MATH = YES;
				ONLY_ACTIVE_ARCH = YES;
				SDKROOT = iphoneos;
				SWIFT_ACTIVE_COMPILATION_CONDITIONS = "DEBUG $(inherited)";
				SWIFT_OPTIMIZATION_LEVEL = "-Onone";
			};
			name = Debug;
		};
		5639A5572BFF95940086857F /* Release */ = {
			isa = XCBuildConfiguration;
			buildSettings = {
				ALWAYS_SEARCH_USER_PATHS = NO;
				ASSETCATALOG_COMPILER_GENERATE_SWIFT_ASSET_SYMBOL_EXTENSIONS = YES;
				CLANG_ANALYZER_NONNULL = YES;
				CLANG_ANALYZER_NUMBER_OBJECT_CONVERSION = YES_AGGRESSIVE;
				CLANG_CXX_LANGUAGE_STANDARD = "gnu++20";
				CLANG_ENABLE_MODULES = YES;
				CLANG_ENABLE_OBJC_ARC = YES;
				CLANG_ENABLE_OBJC_WEAK = YES;
				CLANG_WARN_BLOCK_CAPTURE_AUTORELEASING = YES;
				CLANG_WARN_BOOL_CONVERSION = YES;
				CLANG_WARN_COMMA = YES;
				CLANG_WARN_CONSTANT_CONVERSION = YES;
				CLANG_WARN_DEPRECATED_OBJC_IMPLEMENTATIONS = YES;
				CLANG_WARN_DIRECT_OBJC_ISA_USAGE = YES_ERROR;
				CLANG_WARN_DOCUMENTATION_COMMENTS = YES;
				CLANG_WARN_EMPTY_BODY = YES;
				CLANG_WARN_ENUM_CONVERSION = YES;
				CLANG_WARN_INFINITE_RECURSION = YES;
				CLANG_WARN_INT_CONVERSION = YES;
				CLANG_WARN_NON_LITERAL_NULL_CONVERSION = YES;
				CLANG_WARN_OBJC_IMPLICIT_RETAIN_SELF = YES;
				CLANG_WARN_OBJC_LITERAL_CONVERSION = YES;
				CLANG_WARN_OBJC_ROOT_CLASS = YES_ERROR;
				CLANG_WARN_QUOTED_INCLUDE_IN_FRAMEWORK_HEADER = YES;
				CLANG_WARN_RANGE_LOOP_ANALYSIS = YES;
				CLANG_WARN_STRICT_PROTOTYPES = YES;
				CLANG_WARN_SUSPICIOUS_MOVE = YES;
				CLANG_WARN_UNGUARDED_AVAILABILITY = YES_AGGRESSIVE;
				CLANG_WARN_UNREACHABLE_CODE = YES;
				CLANG_WARN__DUPLICATE_METHOD_MATCH = YES;
				COPY_PHASE_STRIP = NO;
				DEBUG_INFORMATION_FORMAT = "dwarf-with-dsym";
				ENABLE_NS_ASSERTIONS = NO;
				ENABLE_STRICT_OBJC_MSGSEND = YES;
				ENABLE_USER_SCRIPT_SANDBOXING = YES;
				GCC_C_LANGUAGE_STANDARD = gnu17;
				GCC_NO_COMMON_BLOCKS = YES;
				GCC_WARN_64_TO_32_BIT_CONVERSION = YES;
				GCC_WARN_ABOUT_RETURN_TYPE = YES_ERROR;
				GCC_WARN_UNDECLARED_SELECTOR = YES;
				GCC_WARN_UNINITIALIZED_AUTOS = YES_AGGRESSIVE;
				GCC_WARN_UNUSED_FUNCTION = YES;
				GCC_WARN_UNUSED_VARIABLE = YES;
				IPHONEOS_DEPLOYMENT_TARGET = 17.4;
				LOCALIZATION_PREFERS_STRING_CATALOGS = YES;
				MTL_ENABLE_DEBUG_INFO = NO;
				MTL_FAST_MATH = YES;
				SDKROOT = iphoneos;
				SWIFT_COMPILATION_MODE = wholemodule;
				VALIDATE_PRODUCT = YES;
			};
			name = Release;
		};
		5639A5592BFF95940086857F /* Debug */ = {
			isa = XCBuildConfiguration;
			buildSettings = {
				ASSETCATALOG_COMPILER_APPICON_NAME = AppIcon;
				ASSETCATALOG_COMPILER_GLOBAL_ACCENT_COLOR_NAME = AccentColor;
				CLANG_ENABLE_MODULES = YES;
				CODE_SIGN_STYLE = Automatic;
				CURRENT_PROJECT_VERSION = 2;
				DEVELOPMENT_ASSET_PATHS = "\"Grocery Guru/Preview Content\"";
				DEVELOPMENT_TEAM = KLXF66UW7Z;
				ENABLE_PREVIEWS = YES;
				ENABLE_USER_SCRIPT_SANDBOXING = NO;
				GENERATE_INFOPLIST_FILE = YES;
				INFOPLIST_FILE = "Grocery-Guru-Info.plist";
				INFOPLIST_KEY_NSCameraUsageDescription = "By approving you'll allow us to scan your invoices.";
				INFOPLIST_KEY_UIApplicationSceneManifest_Generation = YES;
				INFOPLIST_KEY_UIApplicationSupportsIndirectInputEvents = YES;
				INFOPLIST_KEY_UILaunchScreen_Generation = YES;
				INFOPLIST_KEY_UISupportedInterfaceOrientations_iPad = "UIInterfaceOrientationPortrait UIInterfaceOrientationPortraitUpsideDown UIInterfaceOrientationLandscapeLeft UIInterfaceOrientationLandscapeRight";
				INFOPLIST_KEY_UISupportedInterfaceOrientations_iPhone = "UIInterfaceOrientationPortrait UIInterfaceOrientationLandscapeLeft UIInterfaceOrientationLandscapeRight";
				LD_RUNPATH_SEARCH_PATHS = (
					"$(inherited)",
					"@executable_path/Frameworks",
				);
				MARKETING_VERSION = 0.1;
				PRODUCT_BUNDLE_IDENTIFIER = "com.grocerytech-labs.Grocery-Guru";
				PRODUCT_NAME = "$(TARGET_NAME)";
				SWIFT_EMIT_LOC_STRINGS = YES;
				SWIFT_OPTIMIZATION_LEVEL = "-Onone";
				SWIFT_VERSION = 5.0;
				TARGETED_DEVICE_FAMILY = "1,2";
			};
			name = Debug;
		};
		5639A55A2BFF95940086857F /* Release */ = {
			isa = XCBuildConfiguration;
			buildSettings = {
				ASSETCATALOG_COMPILER_APPICON_NAME = AppIcon;
				ASSETCATALOG_COMPILER_GLOBAL_ACCENT_COLOR_NAME = AccentColor;
				CLANG_ENABLE_MODULES = YES;
				CODE_SIGN_STYLE = Automatic;
				CURRENT_PROJECT_VERSION = 2;
				DEVELOPMENT_ASSET_PATHS = "\"Grocery Guru/Preview Content\"";
				DEVELOPMENT_TEAM = KLXF66UW7Z;
				ENABLE_PREVIEWS = YES;
				ENABLE_USER_SCRIPT_SANDBOXING = NO;
				GENERATE_INFOPLIST_FILE = YES;
				INFOPLIST_FILE = "Grocery-Guru-Info.plist";
				INFOPLIST_KEY_NSCameraUsageDescription = "By approving you'll allow us to scan your invoices.";
				INFOPLIST_KEY_UIApplicationSceneManifest_Generation = YES;
				INFOPLIST_KEY_UIApplicationSupportsIndirectInputEvents = YES;
				INFOPLIST_KEY_UILaunchScreen_Generation = YES;
				INFOPLIST_KEY_UISupportedInterfaceOrientations_iPad = "UIInterfaceOrientationPortrait UIInterfaceOrientationPortraitUpsideDown UIInterfaceOrientationLandscapeLeft UIInterfaceOrientationLandscapeRight";
				INFOPLIST_KEY_UISupportedInterfaceOrientations_iPhone = "UIInterfaceOrientationPortrait UIInterfaceOrientationLandscapeLeft UIInterfaceOrientationLandscapeRight";
				LD_RUNPATH_SEARCH_PATHS = (
					"$(inherited)",
					"@executable_path/Frameworks",
				);
				MARKETING_VERSION = 0.1;
				PRODUCT_BUNDLE_IDENTIFIER = "com.grocerytech-labs.Grocery-Guru";
				PRODUCT_NAME = "$(TARGET_NAME)";
				SWIFT_EMIT_LOC_STRINGS = YES;
				SWIFT_VERSION = 5.0;
				TARGETED_DEVICE_FAMILY = "1,2";
			};
			name = Release;
		};
		5639A55C2BFF95940086857F /* Debug */ = {
			isa = XCBuildConfiguration;
			buildSettings = {
				ALWAYS_EMBED_SWIFT_STANDARD_LIBRARIES = YES;
				BUNDLE_LOADER = "$(TEST_HOST)";
				CODE_SIGN_STYLE = Automatic;
				CURRENT_PROJECT_VERSION = 1;
				DEVELOPMENT_TEAM = KLXF66UW7Z;
				GENERATE_INFOPLIST_FILE = YES;
				IPHONEOS_DEPLOYMENT_TARGET = 17.4;
				MARKETING_VERSION = 1.0;
				PRODUCT_BUNDLE_IDENTIFIER = "com.grocerytech-labs.Grocery-GuruTests";
				PRODUCT_NAME = "$(TARGET_NAME)";
				SWIFT_EMIT_LOC_STRINGS = NO;
				SWIFT_VERSION = 5.0;
				TARGETED_DEVICE_FAMILY = "1,2";
				TEST_HOST = "$(BUILT_PRODUCTS_DIR)/Grocery Guru.app/$(BUNDLE_EXECUTABLE_FOLDER_PATH)/Grocery Guru";
			};
			name = Debug;
		};
		5639A55D2BFF95940086857F /* Release */ = {
			isa = XCBuildConfiguration;
			buildSettings = {
				ALWAYS_EMBED_SWIFT_STANDARD_LIBRARIES = YES;
				BUNDLE_LOADER = "$(TEST_HOST)";
				CODE_SIGN_STYLE = Automatic;
				CURRENT_PROJECT_VERSION = 1;
				DEVELOPMENT_TEAM = KLXF66UW7Z;
				GENERATE_INFOPLIST_FILE = YES;
				IPHONEOS_DEPLOYMENT_TARGET = 17.4;
				MARKETING_VERSION = 1.0;
				PRODUCT_BUNDLE_IDENTIFIER = "com.grocerytech-labs.Grocery-GuruTests";
				PRODUCT_NAME = "$(TARGET_NAME)";
				SWIFT_EMIT_LOC_STRINGS = NO;
				SWIFT_VERSION = 5.0;
				TARGETED_DEVICE_FAMILY = "1,2";
				TEST_HOST = "$(BUILT_PRODUCTS_DIR)/Grocery Guru.app/$(BUNDLE_EXECUTABLE_FOLDER_PATH)/Grocery Guru";
			};
			name = Release;
		};
/* End XCBuildConfiguration section */

/* Begin XCConfigurationList section */
		5639A52D2BFF95930086857F /* Build configuration list for PBXProject "Grocery Guru" */ = {
			isa = XCConfigurationList;
			buildConfigurations = (
				5639A5562BFF95940086857F /* Debug */,
				5639A5572BFF95940086857F /* Release */,
			);
			defaultConfigurationIsVisible = 0;
			defaultConfigurationName = Release;
		};
		5639A5582BFF95940086857F /* Build configuration list for PBXNativeTarget "Grocery Guru" */ = {
			isa = XCConfigurationList;
			buildConfigurations = (
				5639A5592BFF95940086857F /* Debug */,
				5639A55A2BFF95940086857F /* Release */,
			);
			defaultConfigurationIsVisible = 0;
			defaultConfigurationName = Release;
		};
		5639A55B2BFF95940086857F /* Build configuration list for PBXNativeTarget "Grocery GuruTests" */ = {
			isa = XCConfigurationList;
			buildConfigurations = (
				5639A55C2BFF95940086857F /* Debug */,
				5639A55D2BFF95940086857F /* Release */,
			);
			defaultConfigurationIsVisible = 0;
			defaultConfigurationName = Release;
		};
/* End XCConfigurationList section */
	};
	rootObject = 5639A52A2BFF95930086857F /* Project object */;
}
