// !$*UTF8*$!
{
	archiveVersion = 1;
	classes = {
	};
	objectVersion = 56;
	objects = {

/* Begin PBXBuildFile section */
		560AA7CF2C02627C00365B1F /* DocumentScannerView.swift in Sources */ = {isa = PBXBuildFile; fileRef = 560AA7CE2C02627C00365B1F /* DocumentScannerView.swift */; };
		560AA7D12C0262BA00365B1F /* TextRecognizerService.swift in Sources */ = {isa = PBXBuildFile; fileRef = 560AA7D02C0262BA00365B1F /* TextRecognizerService.swift */; };
		560AA7D32C026C9D00365B1F /* HomeViewModel.swift in Sources */ = {isa = PBXBuildFile; fileRef = 560AA7D22C026C9D00365B1F /* HomeViewModel.swift */; };
		560AA7D62C02756600365B1F /* Assets.xcassets in Resources */ = {isa = PBXBuildFile; fileRef = 560AA7D52C02756600365B1F /* Assets.xcassets */; };
		5620E1192C1850EC0027655A /* AccessibilityAuditTests.swift in Sources */ = {isa = PBXBuildFile; fileRef = 5620E1182C1850EC0027655A /* AccessibilityAuditTests.swift */; };
		5620E11C2C1887D90027655A /* ResponsiveCard.swift in Sources */ = {isa = PBXBuildFile; fileRef = 5620E11B2C1887D90027655A /* ResponsiveCard.swift */; };
		562DCABB2C7E5AE6006CBFB6 /* LocalStorageRepository.swift in Sources */ = {isa = PBXBuildFile; fileRef = 562DCABA2C7E5AE6006CBFB6 /* LocalStorageRepository.swift */; };
		562DCABD2C7E62DE006CBFB6 /* Assets.swift in Sources */ = {isa = PBXBuildFile; fileRef = 562DCABC2C7E62DE006CBFB6 /* Assets.swift */; };
		562DCABF2C7E69A0006CBFB6 /* EmojiRow.swift in Sources */ = {isa = PBXBuildFile; fileRef = 562DCABE2C7E69A0006CBFB6 /* EmojiRow.swift */; };
		562DCAC12C7E69BE006CBFB6 /* EmojiPicker.swift in Sources */ = {isa = PBXBuildFile; fileRef = 562DCAC02C7E69BE006CBFB6 /* EmojiPicker.swift */; };
		56346D4B2C0E671200454E17 /* AddInvoiceView.swift in Sources */ = {isa = PBXBuildFile; fileRef = 56346D4A2C0E671200454E17 /* AddInvoiceView.swift */; };
		56346D4D2C0E68E000454E17 /* AddInvoiceOption.swift in Sources */ = {isa = PBXBuildFile; fileRef = 56346D4C2C0E68E000454E17 /* AddInvoiceOption.swift */; };
		5635E32B2C24A746000A6628 /* CustomCategory.swift in Sources */ = {isa = PBXBuildFile; fileRef = 5635E32A2C24A746000A6628 /* CustomCategory.swift */; };
		5635E32D2C24AC87000A6628 /* InvoiceFormViewModel.swift in Sources */ = {isa = PBXBuildFile; fileRef = 5635E32C2C24AC87000A6628 /* InvoiceFormViewModel.swift */; };
		5635E32F2C24AEE1000A6628 /* MeasureUnitPicker.swift in Sources */ = {isa = PBXBuildFile; fileRef = 5635E32E2C24AEE1000A6628 /* MeasureUnitPicker.swift */; };
		5635E3322C24E436000A6628 /* NutrimentsRow.swift in Sources */ = {isa = PBXBuildFile; fileRef = 5635E3312C24E436000A6628 /* NutrimentsRow.swift */; };
		5635E3342C24E50D000A6628 /* CategoryRow.swift in Sources */ = {isa = PBXBuildFile; fileRef = 5635E3332C24E50D000A6628 /* CategoryRow.swift */; };
		5639A5492BFF95940086857F /* LocalItemRepositoryTests.swift in Sources */ = {isa = PBXBuildFile; fileRef = 5639A5482BFF95940086857F /* LocalItemRepositoryTests.swift */; };
		5639A5702BFF97BD0086857F /* Assets.xcassets in Resources */ = {isa = PBXBuildFile; fileRef = 5639A5612BFF97BD0086857F /* Assets.xcassets */; };
		5639A5712BFF97BD0086857F /* App.swift in Sources */ = {isa = PBXBuildFile; fileRef = 5639A5632BFF97BD0086857F /* App.swift */; };
		5639A5722BFF97BD0086857F /* Preview Assets.xcassets in Resources */ = {isa = PBXBuildFile; fileRef = 5639A5652BFF97BD0086857F /* Preview Assets.xcassets */; };
		5639A5742BFF97BD0086857F /* InvoiceItem.swift in Sources */ = {isa = PBXBuildFile; fileRef = 5639A5682BFF97BD0086857F /* InvoiceItem.swift */; };
		5639A5752BFF97BD0086857F /* InvoiceItemCategory.swift in Sources */ = {isa = PBXBuildFile; fileRef = 5639A5692BFF97BD0086857F /* InvoiceItemCategory.swift */; };
		5639A5782BFF97BD0086857F /* HomeView.swift in Sources */ = {isa = PBXBuildFile; fileRef = 5639A56E2BFF97BD0086857F /* HomeView.swift */; };
		563F2F622C0F50D0005BA713 /* RepositoryError.swift in Sources */ = {isa = PBXBuildFile; fileRef = 563F2F612C0F50D0005BA713 /* RepositoryError.swift */; };
		563F2F682C0F70DC005BA713 /* InvoiceForm.swift in Sources */ = {isa = PBXBuildFile; fileRef = 563F2F672C0F70DC005BA713 /* InvoiceForm.swift */; };
		563F2F6A2C0FC8EA005BA713 /* MeasureUnit.swift in Sources */ = {isa = PBXBuildFile; fileRef = 563F2F692C0FC8EA005BA713 /* MeasureUnit.swift */; };
		56415D012C0CCAE100C58D4E /* .swiftlint.yml in Resources */ = {isa = PBXBuildFile; fileRef = 56415D002C0CCAE100C58D4E /* .swiftlint.yml */; };
		5655F7082C0D2D0800C80708 /* NavigationKey.swift in Sources */ = {isa = PBXBuildFile; fileRef = 5655F7072C0D2D0800C80708 /* NavigationKey.swift */; };
		5655F70A2C0D2D6F00C80708 /* NavigationDestination.swift in Sources */ = {isa = PBXBuildFile; fileRef = 5655F7092C0D2D6F00C80708 /* NavigationDestination.swift */; };
		5655F70D2C0D2DA100C80708 /* NavigationServiceProtocol.swift in Sources */ = {isa = PBXBuildFile; fileRef = 5655F70C2C0D2DA100C80708 /* NavigationServiceProtocol.swift */; };
		5655F7102C0D2E0100C80708 /* InvoiceItemList.swift in Sources */ = {isa = PBXBuildFile; fileRef = 5655F70F2C0D2E0100C80708 /* InvoiceItemList.swift */; };
		5655F7122C0D346C00C80708 /* InvoiceItemListRow.swift in Sources */ = {isa = PBXBuildFile; fileRef = 5655F7112C0D346C00C80708 /* InvoiceItemListRow.swift */; };
		5655F7142C0D36E300C80708 /* ErrorView.swift in Sources */ = {isa = PBXBuildFile; fileRef = 5655F7132C0D36E300C80708 /* ErrorView.swift */; };
		5656BB9B2C24588F00A8F0F7 /* UserSettings.swift in Sources */ = {isa = PBXBuildFile; fileRef = 5656BB9A2C24588F00A8F0F7 /* UserSettings.swift */; };
		5683BBC32C13BE26001EF768 /* NavigationServiceTests.swift in Sources */ = {isa = PBXBuildFile; fileRef = 5683BBC22C13BE26001EF768 /* NavigationServiceTests.swift */; };
		5683BBC62C145E76001EF768 /* CodeScanner in Frameworks */ = {isa = PBXBuildFile; productRef = 5683BBC52C145E76001EF768 /* CodeScanner */; };
		5683BBC82C145EA0001EF768 /* BarcodeScannerView.swift in Sources */ = {isa = PBXBuildFile; fileRef = 5683BBC72C145EA0001EF768 /* BarcodeScannerView.swift */; };
		5683BBCA2C147BB3001EF768 /* ScannerOverlay.swift in Sources */ = {isa = PBXBuildFile; fileRef = 5683BBC92C147BB3001EF768 /* ScannerOverlay.swift */; };
		5683BBCC2C147ED7001EF768 /* APIService.swift in Sources */ = {isa = PBXBuildFile; fileRef = 5683BBCB2C147ED7001EF768 /* APIService.swift */; };
		5683BBCE2C147F11001EF768 /* APIConfigProtocol.swift in Sources */ = {isa = PBXBuildFile; fileRef = 5683BBCD2C147F11001EF768 /* APIConfigProtocol.swift */; };
		5683BBD22C147F7B001EF768 /* OFFAPIConfig.swift in Sources */ = {isa = PBXBuildFile; fileRef = 5683BBD12C147F7B001EF768 /* OFFAPIConfig.swift */; };
		5683BBD42C14832A001EF768 /* HTTPMethod.swift in Sources */ = {isa = PBXBuildFile; fileRef = 5683BBD32C14832A001EF768 /* HTTPMethod.swift */; };
		5683BBD62C14870F001EF768 /* APIError.swift in Sources */ = {isa = PBXBuildFile; fileRef = 5683BBD52C14870F001EF768 /* APIError.swift */; };
		5683BBD82C148D01001EF768 /* APIServiceProtocol.swift in Sources */ = {isa = PBXBuildFile; fileRef = 5683BBD72C148D01001EF768 /* APIServiceProtocol.swift */; };
		5683BBE02C1497E3001EF768 /* OFFProductResult.swift in Sources */ = {isa = PBXBuildFile; fileRef = 5683BBDF2C1497E3001EF768 /* OFFProductResult.swift */; };
		5683BBE22C14A113001EF768 /* OFFNutriments.swift in Sources */ = {isa = PBXBuildFile; fileRef = 5683BBE12C14A113001EF768 /* OFFNutriments.swift */; };
		5683BBE42C14A178001EF768 /* OFFProduct.swift in Sources */ = {isa = PBXBuildFile; fileRef = 5683BBE32C14A178001EF768 /* OFFProduct.swift */; };
		5683BBE92C14A316001EF768 /* Bundle+decode.swift in Sources */ = {isa = PBXBuildFile; fileRef = 5683BBE82C14A316001EF768 /* Bundle+decode.swift */; };
		5683BBEC2C14AD07001EF768 /* OFFEndpoints.swift in Sources */ = {isa = PBXBuildFile; fileRef = 5683BBEB2C14AD07001EF768 /* OFFEndpoints.swift */; };
		5683BBEF2C14AE12001EF768 /* OFFRepository.swift in Sources */ = {isa = PBXBuildFile; fileRef = 5683BBEE2C14AE12001EF768 /* OFFRepository.swift */; };
		5683BBF12C14B0B7001EF768 /* OFFRepositoryProtocol.swift in Sources */ = {isa = PBXBuildFile; fileRef = 5683BBF02C14B0B7001EF768 /* OFFRepositoryProtocol.swift */; };
		5683BBF52C14E9ED001EF768 /* OFFNutrimentsView.swift in Sources */ = {isa = PBXBuildFile; fileRef = 5683BBF42C14E9ED001EF768 /* OFFNutrimentsView.swift */; };
		5683BBF82C14EA55001EF768 /* off_nutriments.json in Resources */ = {isa = PBXBuildFile; fileRef = 5683BBF72C14EA55001EF768 /* off_nutriments.json */; };
		568560E02C15A520003BDAED /* AddItemTests.swift in Sources */ = {isa = PBXBuildFile; fileRef = 568560DF2C15A520003BDAED /* AddItemTests.swift */; };
		568560EA2C15A60B003BDAED /* AccessibilityIdentifier.swift in Sources */ = {isa = PBXBuildFile; fileRef = 568560E92C15A60B003BDAED /* AccessibilityIdentifier.swift */; };
		568560EF2C15AF96003BDAED /* TapAction.swift in Sources */ = {isa = PBXBuildFile; fileRef = 568560EE2C15AF96003BDAED /* TapAction.swift */; };
		568560F12C15B08F003BDAED /* TypeAction.swift in Sources */ = {isa = PBXBuildFile; fileRef = 568560F02C15B08F003BDAED /* TypeAction.swift */; };
		568560F72C160B55003BDAED /* AccessibilityIdentifier.swift in Sources */ = {isa = PBXBuildFile; fileRef = 568560E92C15A60B003BDAED /* AccessibilityIdentifier.swift */; };
		56AAD2FF2C1B83A000BF8030 /* BarcodeScannerViewModel.swift in Sources */ = {isa = PBXBuildFile; fileRef = 56AAD2FE2C1B83A000BF8030 /* BarcodeScannerViewModel.swift */; };
		56AAD3012C1B8EF200BF8030 /* ErrorToast.swift in Sources */ = {isa = PBXBuildFile; fileRef = 56AAD3002C1B8EF200BF8030 /* ErrorToast.swift */; };
		56AAD3032C1B9BB100BF8030 /* OFFError.swift in Sources */ = {isa = PBXBuildFile; fileRef = 56AAD3022C1B9BB100BF8030 /* OFFError.swift */; };
		56AAD3052C1C535600BF8030 /* APIServiceTests.swift in Sources */ = {isa = PBXBuildFile; fileRef = 56AAD3042C1C535600BF8030 /* APIServiceTests.swift */; };
		56AAD3072C1C550800BF8030 /* MockAPIService.swift in Sources */ = {isa = PBXBuildFile; fileRef = 56AAD3062C1C550800BF8030 /* MockAPIService.swift */; };
		56B138ED2C26C8D700B35CA4 /* AmountRow.swift in Sources */ = {isa = PBXBuildFile; fileRef = 56B138EC2C26C8D700B35CA4 /* AmountRow.swift */; };
		56B138EF2C26C90E00B35CA4 /* NameRow.swift in Sources */ = {isa = PBXBuildFile; fileRef = 56B138EE2C26C90E00B35CA4 /* NameRow.swift */; };
		56B138F12C26C9CF00B35CA4 /* FormsAddInvoiceButton.swift in Sources */ = {isa = PBXBuildFile; fileRef = 56B138F02C26C9CF00B35CA4 /* FormsAddInvoiceButton.swift */; };
		56C121012C1CF5A400F56B3D /* InvoiceCategoryPicker.swift in Sources */ = {isa = PBXBuildFile; fileRef = 56C121002C1CF5A400F56B3D /* InvoiceCategoryPicker.swift */; };
		56CA916F2C2393490018198F /* SecondaryButtonStyle.swift in Sources */ = {isa = PBXBuildFile; fileRef = 56CA916E2C2393490018198F /* SecondaryButtonStyle.swift */; };
		56CA91722C239DC30018198F /* AddInvoicePicker.swift in Sources */ = {isa = PBXBuildFile; fileRef = 56CA91712C239DC30018198F /* AddInvoicePicker.swift */; };
		56E964342BFFABA70099ED2F /* SwiftDataRepository.swift in Sources */ = {isa = PBXBuildFile; fileRef = 56E964332BFFABA70099ED2F /* SwiftDataRepository.swift */; };
		56F49E4F2C26EEE500DE69E2 /* CategorySettingsView.swift in Sources */ = {isa = PBXBuildFile; fileRef = 56F49E4E2C26EEE500DE69E2 /* CategorySettingsView.swift */; };
		56F49E512C26F31B00DE69E2 /* CategoryCreationViewmodel.swift in Sources */ = {isa = PBXBuildFile; fileRef = 56F49E502C26F31B00DE69E2 /* CategoryCreationViewmodel.swift */; };
		56FAFB5B2C0BD75900370D7F /* EmojiData.swift in Sources */ = {isa = PBXBuildFile; fileRef = 56FAFB5A2C0BD75900370D7F /* EmojiData.swift */; };
		56FAFB5D2C0BDA8900370D7F /* Constants.swift in Sources */ = {isa = PBXBuildFile; fileRef = 56FAFB5C2C0BDA8900370D7F /* Constants.swift */; };
		56FAFB602C0BDB1200370D7F /* InvoiceCategoryCard.swift in Sources */ = {isa = PBXBuildFile; fileRef = 56FAFB5F2C0BDB1200370D7F /* InvoiceCategoryCard.swift */; };
		56FCC0352C0CF62A003EAA8B /* NavigationService.swift in Sources */ = {isa = PBXBuildFile; fileRef = 56FCC0342C0CF62A003EAA8B /* NavigationService.swift */; };
		56FFAC6A2C0BF13200D2D965 /* SectionHeader.swift in Sources */ = {isa = PBXBuildFile; fileRef = 56FFAC692C0BF13200D2D965 /* SectionHeader.swift */; };
		56FFAC772C0C888200D2D965 /* InvoiceCategoryCardList.swift in Sources */ = {isa = PBXBuildFile; fileRef = 56FFAC762C0C888200D2D965 /* InvoiceCategoryCardList.swift */; };
		56FFAC792C0C89E800D2D965 /* HomeViewList.swift in Sources */ = {isa = PBXBuildFile; fileRef = 56FFAC782C0C89E800D2D965 /* HomeViewList.swift */; };
		56FFAC7B2C0C8B9B00D2D965 /* ShowAddInvoiceButton.swift in Sources */ = {isa = PBXBuildFile; fileRef = 56FFAC7A2C0C8B9B00D2D965 /* ShowAddInvoiceButton.swift */; };
		56FFAC802C0C904F00D2D965 /* MockItemRepository.swift in Sources */ = {isa = PBXBuildFile; fileRef = 56FFAC7F2C0C904F00D2D965 /* MockItemRepository.swift */; };
		56FFAC822C0CC82300D2D965 /* Localizable.xcstrings in Resources */ = {isa = PBXBuildFile; fileRef = 56FFAC812C0CC82300D2D965 /* Localizable.xcstrings */; };
/* End PBXBuildFile section */

/* Begin PBXContainerItemProxy section */
		5639A5452BFF95940086857F /* PBXContainerItemProxy */ = {
			isa = PBXContainerItemProxy;
			containerPortal = 5639A52A2BFF95930086857F /* Project object */;
			proxyType = 1;
			remoteGlobalIDString = 5639A5312BFF95930086857F;
			remoteInfo = "Grocery Guru";
		};
		568560E32C15A520003BDAED /* PBXContainerItemProxy */ = {
			isa = PBXContainerItemProxy;
			containerPortal = 5639A52A2BFF95930086857F /* Project object */;
			proxyType = 1;
			remoteGlobalIDString = 5639A5312BFF95930086857F;
			remoteInfo = "Grocery Guru";
		};
/* End PBXContainerItemProxy section */

/* Begin PBXFileReference section */
		560AA7CE2C02627C00365B1F /* DocumentScannerView.swift */ = {isa = PBXFileReference; lastKnownFileType = sourcecode.swift; path = DocumentScannerView.swift; sourceTree = "<group>"; };
		560AA7D02C0262BA00365B1F /* TextRecognizerService.swift */ = {isa = PBXFileReference; lastKnownFileType = sourcecode.swift; path = TextRecognizerService.swift; sourceTree = "<group>"; };
		560AA7D22C026C9D00365B1F /* HomeViewModel.swift */ = {isa = PBXFileReference; lastKnownFileType = sourcecode.swift; path = HomeViewModel.swift; sourceTree = "<group>"; };
		560AA7D52C02756600365B1F /* Assets.xcassets */ = {isa = PBXFileReference; lastKnownFileType = folder.assetcatalog; path = Assets.xcassets; sourceTree = "<group>"; };
		560AA7D72C02796B00365B1F /* Grocery Guru.xctestplan */ = {isa = PBXFileReference; lastKnownFileType = text; path = "Grocery Guru.xctestplan"; sourceTree = "<group>"; };
		5620E1182C1850EC0027655A /* AccessibilityAuditTests.swift */ = {isa = PBXFileReference; lastKnownFileType = sourcecode.swift; path = AccessibilityAuditTests.swift; sourceTree = "<group>"; };
		5620E11B2C1887D90027655A /* ResponsiveCard.swift */ = {isa = PBXFileReference; lastKnownFileType = sourcecode.swift; path = ResponsiveCard.swift; sourceTree = "<group>"; };
		562DCABA2C7E5AE6006CBFB6 /* LocalStorageRepository.swift */ = {isa = PBXFileReference; lastKnownFileType = sourcecode.swift; path = LocalStorageRepository.swift; sourceTree = "<group>"; };
		562DCABC2C7E62DE006CBFB6 /* Assets.swift */ = {isa = PBXFileReference; lastKnownFileType = sourcecode.swift; path = Assets.swift; sourceTree = "<group>"; };
		562DCABE2C7E69A0006CBFB6 /* EmojiRow.swift */ = {isa = PBXFileReference; lastKnownFileType = sourcecode.swift; path = EmojiRow.swift; sourceTree = "<group>"; };
		562DCAC02C7E69BE006CBFB6 /* EmojiPicker.swift */ = {isa = PBXFileReference; lastKnownFileType = sourcecode.swift; path = EmojiPicker.swift; sourceTree = "<group>"; };
		56346D4A2C0E671200454E17 /* AddInvoiceView.swift */ = {isa = PBXFileReference; lastKnownFileType = sourcecode.swift; path = AddInvoiceView.swift; sourceTree = "<group>"; };
		56346D4C2C0E68E000454E17 /* AddInvoiceOption.swift */ = {isa = PBXFileReference; lastKnownFileType = sourcecode.swift; path = AddInvoiceOption.swift; sourceTree = "<group>"; };
		5635E32A2C24A746000A6628 /* CustomCategory.swift */ = {isa = PBXFileReference; lastKnownFileType = sourcecode.swift; path = CustomCategory.swift; sourceTree = "<group>"; };
		5635E32C2C24AC87000A6628 /* InvoiceFormViewModel.swift */ = {isa = PBXFileReference; lastKnownFileType = sourcecode.swift; path = InvoiceFormViewModel.swift; sourceTree = "<group>"; };
		5635E32E2C24AEE1000A6628 /* MeasureUnitPicker.swift */ = {isa = PBXFileReference; lastKnownFileType = sourcecode.swift; path = MeasureUnitPicker.swift; sourceTree = "<group>"; };
		5635E3312C24E436000A6628 /* NutrimentsRow.swift */ = {isa = PBXFileReference; lastKnownFileType = sourcecode.swift; path = NutrimentsRow.swift; sourceTree = "<group>"; };
		5635E3332C24E50D000A6628 /* CategoryRow.swift */ = {isa = PBXFileReference; lastKnownFileType = sourcecode.swift; path = CategoryRow.swift; sourceTree = "<group>"; };
		5639A5322BFF95930086857F /* Grocery Guru.app */ = {isa = PBXFileReference; explicitFileType = wrapper.application; includeInIndex = 0; path = "Grocery Guru.app"; sourceTree = BUILT_PRODUCTS_DIR; };
		5639A5442BFF95940086857F /* Grocery GuruTests.xctest */ = {isa = PBXFileReference; explicitFileType = wrapper.cfbundle; includeInIndex = 0; path = "Grocery GuruTests.xctest"; sourceTree = BUILT_PRODUCTS_DIR; };
		5639A5482BFF95940086857F /* LocalItemRepositoryTests.swift */ = {isa = PBXFileReference; lastKnownFileType = sourcecode.swift; path = LocalItemRepositoryTests.swift; sourceTree = "<group>"; };
		5639A5612BFF97BD0086857F /* Assets.xcassets */ = {isa = PBXFileReference; lastKnownFileType = folder.assetcatalog; path = Assets.xcassets; sourceTree = "<group>"; };
		5639A5632BFF97BD0086857F /* App.swift */ = {isa = PBXFileReference; fileEncoding = 4; lastKnownFileType = sourcecode.swift; path = App.swift; sourceTree = "<group>"; };
		5639A5652BFF97BD0086857F /* Preview Assets.xcassets */ = {isa = PBXFileReference; lastKnownFileType = folder.assetcatalog; path = "Preview Assets.xcassets"; sourceTree = "<group>"; };
		5639A5682BFF97BD0086857F /* InvoiceItem.swift */ = {isa = PBXFileReference; fileEncoding = 4; lastKnownFileType = sourcecode.swift; path = InvoiceItem.swift; sourceTree = "<group>"; };
		5639A5692BFF97BD0086857F /* InvoiceItemCategory.swift */ = {isa = PBXFileReference; fileEncoding = 4; lastKnownFileType = sourcecode.swift; path = InvoiceItemCategory.swift; sourceTree = "<group>"; usesTabs = 0; wrapsLines = 1; };
		5639A56E2BFF97BD0086857F /* HomeView.swift */ = {isa = PBXFileReference; fileEncoding = 4; lastKnownFileType = sourcecode.swift; path = HomeView.swift; sourceTree = "<group>"; };
		563F2F612C0F50D0005BA713 /* RepositoryError.swift */ = {isa = PBXFileReference; lastKnownFileType = sourcecode.swift; path = RepositoryError.swift; sourceTree = "<group>"; };
		563F2F672C0F70DC005BA713 /* InvoiceForm.swift */ = {isa = PBXFileReference; lastKnownFileType = sourcecode.swift; path = InvoiceForm.swift; sourceTree = "<group>"; };
		563F2F692C0FC8EA005BA713 /* MeasureUnit.swift */ = {isa = PBXFileReference; lastKnownFileType = sourcecode.swift; path = MeasureUnit.swift; sourceTree = "<group>"; };
		56415D002C0CCAE100C58D4E /* .swiftlint.yml */ = {isa = PBXFileReference; fileEncoding = 4; lastKnownFileType = text.yaml; path = .swiftlint.yml; sourceTree = "<group>"; };
		5655F7072C0D2D0800C80708 /* NavigationKey.swift */ = {isa = PBXFileReference; lastKnownFileType = sourcecode.swift; path = NavigationKey.swift; sourceTree = "<group>"; };
		5655F7092C0D2D6F00C80708 /* NavigationDestination.swift */ = {isa = PBXFileReference; lastKnownFileType = sourcecode.swift; path = NavigationDestination.swift; sourceTree = "<group>"; };
		5655F70C2C0D2DA100C80708 /* NavigationServiceProtocol.swift */ = {isa = PBXFileReference; lastKnownFileType = sourcecode.swift; path = NavigationServiceProtocol.swift; sourceTree = "<group>"; };
		5655F70F2C0D2E0100C80708 /* InvoiceItemList.swift */ = {isa = PBXFileReference; lastKnownFileType = sourcecode.swift; path = InvoiceItemList.swift; sourceTree = "<group>"; };
		5655F7112C0D346C00C80708 /* InvoiceItemListRow.swift */ = {isa = PBXFileReference; lastKnownFileType = sourcecode.swift; path = InvoiceItemListRow.swift; sourceTree = "<group>"; };
		5655F7132C0D36E300C80708 /* ErrorView.swift */ = {isa = PBXFileReference; lastKnownFileType = sourcecode.swift; path = ErrorView.swift; sourceTree = "<group>"; };
		5656BB9A2C24588F00A8F0F7 /* UserSettings.swift */ = {isa = PBXFileReference; lastKnownFileType = sourcecode.swift; path = UserSettings.swift; sourceTree = "<group>"; };
		567D8FE12C0288DD007C4076 /* Grocery-Guru-Info.plist */ = {isa = PBXFileReference; lastKnownFileType = text.plist; path = "Grocery-Guru-Info.plist"; sourceTree = SOURCE_ROOT; };
		5683BBC22C13BE26001EF768 /* NavigationServiceTests.swift */ = {isa = PBXFileReference; fileEncoding = 4; lastKnownFileType = sourcecode.swift; path = NavigationServiceTests.swift; sourceTree = "<group>"; };
		5683BBC72C145EA0001EF768 /* BarcodeScannerView.swift */ = {isa = PBXFileReference; lastKnownFileType = sourcecode.swift; path = BarcodeScannerView.swift; sourceTree = "<group>"; };
		5683BBC92C147BB3001EF768 /* ScannerOverlay.swift */ = {isa = PBXFileReference; lastKnownFileType = sourcecode.swift; path = ScannerOverlay.swift; sourceTree = "<group>"; };
		5683BBCB2C147ED7001EF768 /* APIService.swift */ = {isa = PBXFileReference; lastKnownFileType = sourcecode.swift; path = APIService.swift; sourceTree = "<group>"; };
		5683BBCD2C147F11001EF768 /* APIConfigProtocol.swift */ = {isa = PBXFileReference; lastKnownFileType = sourcecode.swift; path = APIConfigProtocol.swift; sourceTree = "<group>"; };
		5683BBD12C147F7B001EF768 /* OFFAPIConfig.swift */ = {isa = PBXFileReference; lastKnownFileType = sourcecode.swift; path = OFFAPIConfig.swift; sourceTree = "<group>"; };
		5683BBD32C14832A001EF768 /* HTTPMethod.swift */ = {isa = PBXFileReference; lastKnownFileType = sourcecode.swift; path = HTTPMethod.swift; sourceTree = "<group>"; };
		5683BBD52C14870F001EF768 /* APIError.swift */ = {isa = PBXFileReference; lastKnownFileType = sourcecode.swift; path = APIError.swift; sourceTree = "<group>"; };
		5683BBD72C148D01001EF768 /* APIServiceProtocol.swift */ = {isa = PBXFileReference; lastKnownFileType = sourcecode.swift; path = APIServiceProtocol.swift; sourceTree = "<group>"; };
		5683BBDF2C1497E3001EF768 /* OFFProductResult.swift */ = {isa = PBXFileReference; lastKnownFileType = sourcecode.swift; path = OFFProductResult.swift; sourceTree = "<group>"; };
		5683BBE12C14A113001EF768 /* OFFNutriments.swift */ = {isa = PBXFileReference; lastKnownFileType = sourcecode.swift; path = OFFNutriments.swift; sourceTree = "<group>"; };
		5683BBE32C14A178001EF768 /* OFFProduct.swift */ = {isa = PBXFileReference; lastKnownFileType = sourcecode.swift; path = OFFProduct.swift; sourceTree = "<group>"; };
		5683BBE82C14A316001EF768 /* Bundle+decode.swift */ = {isa = PBXFileReference; lastKnownFileType = sourcecode.swift; path = "Bundle+decode.swift"; sourceTree = "<group>"; };
		5683BBEB2C14AD07001EF768 /* OFFEndpoints.swift */ = {isa = PBXFileReference; lastKnownFileType = sourcecode.swift; path = OFFEndpoints.swift; sourceTree = "<group>"; };
		5683BBEE2C14AE12001EF768 /* OFFRepository.swift */ = {isa = PBXFileReference; lastKnownFileType = sourcecode.swift; path = OFFRepository.swift; sourceTree = "<group>"; };
		5683BBF02C14B0B7001EF768 /* OFFRepositoryProtocol.swift */ = {isa = PBXFileReference; lastKnownFileType = sourcecode.swift; path = OFFRepositoryProtocol.swift; sourceTree = "<group>"; };
		5683BBF42C14E9ED001EF768 /* OFFNutrimentsView.swift */ = {isa = PBXFileReference; lastKnownFileType = sourcecode.swift; path = OFFNutrimentsView.swift; sourceTree = "<group>"; };
		5683BBF72C14EA55001EF768 /* off_nutriments.json */ = {isa = PBXFileReference; lastKnownFileType = text.json; path = off_nutriments.json; sourceTree = "<group>"; };
		568560DD2C15A520003BDAED /* Grocery GuruUITests.xctest */ = {isa = PBXFileReference; explicitFileType = wrapper.cfbundle; includeInIndex = 0; path = "Grocery GuruUITests.xctest"; sourceTree = BUILT_PRODUCTS_DIR; };
		568560DF2C15A520003BDAED /* AddItemTests.swift */ = {isa = PBXFileReference; lastKnownFileType = sourcecode.swift; path = AddItemTests.swift; sourceTree = "<group>"; };
		568560E92C15A60B003BDAED /* AccessibilityIdentifier.swift */ = {isa = PBXFileReference; lastKnownFileType = sourcecode.swift; path = AccessibilityIdentifier.swift; sourceTree = "<group>"; };
		568560EE2C15AF96003BDAED /* TapAction.swift */ = {isa = PBXFileReference; lastKnownFileType = sourcecode.swift; path = TapAction.swift; sourceTree = "<group>"; };
		568560F02C15B08F003BDAED /* TypeAction.swift */ = {isa = PBXFileReference; lastKnownFileType = sourcecode.swift; path = TypeAction.swift; sourceTree = "<group>"; };
		56AAD2FE2C1B83A000BF8030 /* BarcodeScannerViewModel.swift */ = {isa = PBXFileReference; lastKnownFileType = sourcecode.swift; path = BarcodeScannerViewModel.swift; sourceTree = "<group>"; };
		56AAD3002C1B8EF200BF8030 /* ErrorToast.swift */ = {isa = PBXFileReference; lastKnownFileType = sourcecode.swift; path = ErrorToast.swift; sourceTree = "<group>"; };
		56AAD3022C1B9BB100BF8030 /* OFFError.swift */ = {isa = PBXFileReference; lastKnownFileType = sourcecode.swift; path = OFFError.swift; sourceTree = "<group>"; };
		56AAD3042C1C535600BF8030 /* APIServiceTests.swift */ = {isa = PBXFileReference; lastKnownFileType = sourcecode.swift; path = APIServiceTests.swift; sourceTree = "<group>"; };
		56AAD3062C1C550800BF8030 /* MockAPIService.swift */ = {isa = PBXFileReference; lastKnownFileType = sourcecode.swift; path = MockAPIService.swift; sourceTree = "<group>"; };
		56B138EC2C26C8D700B35CA4 /* AmountRow.swift */ = {isa = PBXFileReference; lastKnownFileType = sourcecode.swift; path = AmountRow.swift; sourceTree = "<group>"; };
		56B138EE2C26C90E00B35CA4 /* NameRow.swift */ = {isa = PBXFileReference; lastKnownFileType = sourcecode.swift; path = NameRow.swift; sourceTree = "<group>"; };
		56B138F02C26C9CF00B35CA4 /* FormsAddInvoiceButton.swift */ = {isa = PBXFileReference; lastKnownFileType = sourcecode.swift; path = FormsAddInvoiceButton.swift; sourceTree = "<group>"; };
		56C121002C1CF5A400F56B3D /* InvoiceCategoryPicker.swift */ = {isa = PBXFileReference; lastKnownFileType = sourcecode.swift; path = InvoiceCategoryPicker.swift; sourceTree = "<group>"; };
		56CA916E2C2393490018198F /* SecondaryButtonStyle.swift */ = {isa = PBXFileReference; lastKnownFileType = sourcecode.swift; path = SecondaryButtonStyle.swift; sourceTree = "<group>"; };
		56CA91712C239DC30018198F /* AddInvoicePicker.swift */ = {isa = PBXFileReference; lastKnownFileType = sourcecode.swift; path = AddInvoicePicker.swift; sourceTree = "<group>"; };
		56E964332BFFABA70099ED2F /* SwiftDataRepository.swift */ = {isa = PBXFileReference; lastKnownFileType = sourcecode.swift; path = SwiftDataRepository.swift; sourceTree = "<group>"; };
		56F49E4E2C26EEE500DE69E2 /* CategorySettingsView.swift */ = {isa = PBXFileReference; lastKnownFileType = sourcecode.swift; path = CategorySettingsView.swift; sourceTree = "<group>"; };
		56F49E502C26F31B00DE69E2 /* CategoryCreationViewmodel.swift */ = {isa = PBXFileReference; lastKnownFileType = sourcecode.swift; path = CategoryCreationViewmodel.swift; sourceTree = "<group>"; };
		56FAFB5A2C0BD75900370D7F /* EmojiData.swift */ = {isa = PBXFileReference; lastKnownFileType = sourcecode.swift; path = EmojiData.swift; sourceTree = "<group>"; };
		56FAFB5C2C0BDA8900370D7F /* Constants.swift */ = {isa = PBXFileReference; lastKnownFileType = sourcecode.swift; path = Constants.swift; sourceTree = "<group>"; };
		56FAFB5F2C0BDB1200370D7F /* InvoiceCategoryCard.swift */ = {isa = PBXFileReference; lastKnownFileType = sourcecode.swift; path = InvoiceCategoryCard.swift; sourceTree = "<group>"; };
		56FCC0342C0CF62A003EAA8B /* NavigationService.swift */ = {isa = PBXFileReference; lastKnownFileType = sourcecode.swift; path = NavigationService.swift; sourceTree = "<group>"; };
		56FFAC692C0BF13200D2D965 /* SectionHeader.swift */ = {isa = PBXFileReference; lastKnownFileType = sourcecode.swift; path = SectionHeader.swift; sourceTree = "<group>"; };
		56FFAC762C0C888200D2D965 /* InvoiceCategoryCardList.swift */ = {isa = PBXFileReference; lastKnownFileType = sourcecode.swift; path = InvoiceCategoryCardList.swift; sourceTree = "<group>"; };
		56FFAC782C0C89E800D2D965 /* HomeViewList.swift */ = {isa = PBXFileReference; lastKnownFileType = sourcecode.swift; path = HomeViewList.swift; sourceTree = "<group>"; };
		56FFAC7A2C0C8B9B00D2D965 /* ShowAddInvoiceButton.swift */ = {isa = PBXFileReference; lastKnownFileType = sourcecode.swift; path = ShowAddInvoiceButton.swift; sourceTree = "<group>"; };
		56FFAC7F2C0C904F00D2D965 /* MockItemRepository.swift */ = {isa = PBXFileReference; lastKnownFileType = sourcecode.swift; path = MockItemRepository.swift; sourceTree = "<group>"; };
		56FFAC812C0CC82300D2D965 /* Localizable.xcstrings */ = {isa = PBXFileReference; lastKnownFileType = text.json.xcstrings; path = Localizable.xcstrings; sourceTree = "<group>"; };
/* End PBXFileReference section */

/* Begin PBXFrameworksBuildPhase section */
		5639A52F2BFF95930086857F /* Frameworks */ = {
			isa = PBXFrameworksBuildPhase;
			buildActionMask = 2147483647;
			files = (
				5683BBC62C145E76001EF768 /* CodeScanner in Frameworks */,
			);
			runOnlyForDeploymentPostprocessing = 0;
		};
		5639A5412BFF95940086857F /* Frameworks */ = {
			isa = PBXFrameworksBuildPhase;
			buildActionMask = 2147483647;
			files = (
			);
			runOnlyForDeploymentPostprocessing = 0;
		};
		568560DA2C15A520003BDAED /* Frameworks */ = {
			isa = PBXFrameworksBuildPhase;
			buildActionMask = 2147483647;
			files = (
			);
			runOnlyForDeploymentPostprocessing = 0;
		};
/* End PBXFrameworksBuildPhase section */

/* Begin PBXGroup section */
		560AA7D42C026E5B00365B1F /* Scanner */ = {
			isa = PBXGroup;
			children = (
				560AA7CE2C02627C00365B1F /* DocumentScannerView.swift */,
				5683BBC72C145EA0001EF768 /* BarcodeScannerView.swift */,
				56AAD2FE2C1B83A000BF8030 /* BarcodeScannerViewModel.swift */,
				5683BBC92C147BB3001EF768 /* ScannerOverlay.swift */,
			);
			path = Scanner;
			sourceTree = "<group>";
		};
		5620E11A2C1887AC0027655A /* Cards */ = {
			isa = PBXGroup;
			children = (
				5620E11B2C1887D90027655A /* ResponsiveCard.swift */,
			);
			path = Cards;
			sourceTree = "<group>";
		};
		56346D482C0E669800454E17 /* Buttons */ = {
			isa = PBXGroup;
			children = (
				56FFAC7A2C0C8B9B00D2D965 /* ShowAddInvoiceButton.swift */,
				56CA916D2C23933B0018198F /* Styles */,
			);
			path = Buttons;
			sourceTree = "<group>";
		};
		56346D492C0E670200454E17 /* Add Invoice */ = {
			isa = PBXGroup;
			children = (
				56346D4A2C0E671200454E17 /* AddInvoiceView.swift */,
			);
			path = "Add Invoice";
			sourceTree = "<group>";
		};
		5635E3302C24E427000A6628 /* Forms */ = {
			isa = PBXGroup;
			children = (
				56B138EC2C26C8D700B35CA4 /* AmountRow.swift */,
				5635E3332C24E50D000A6628 /* CategoryRow.swift */,
				562DCABE2C7E69A0006CBFB6 /* EmojiRow.swift */,
				56B138EE2C26C90E00B35CA4 /* NameRow.swift */,
				5635E3312C24E436000A6628 /* NutrimentsRow.swift */,
				56B138F02C26C9CF00B35CA4 /* FormsAddInvoiceButton.swift */,
			);
			path = Forms;
			sourceTree = "<group>";
		};
		5639A5292BFF95930086857F = {
			isa = PBXGroup;
			children = (
				560AA7D72C02796B00365B1F /* Grocery Guru.xctestplan */,
				5639A5342BFF95930086857F /* Grocery Guru */,
				5639A5472BFF95940086857F /* Grocery GuruTests */,
				568560DE2C15A520003BDAED /* Grocery GuruUITests */,
				5639A5332BFF95930086857F /* Products */,
			);
			sourceTree = "<group>";
		};
		5639A5332BFF95930086857F /* Products */ = {
			isa = PBXGroup;
			children = (
				5639A5322BFF95930086857F /* Grocery Guru.app */,
				5639A5442BFF95940086857F /* Grocery GuruTests.xctest */,
				568560DD2C15A520003BDAED /* Grocery GuruUITests.xctest */,
			);
			name = Products;
			sourceTree = "<group>";
		};
		5639A5342BFF95930086857F /* Grocery Guru */ = {
			isa = PBXGroup;
			children = (
				56415D002C0CCAE100C58D4E /* .swiftlint.yml */,
				5639A5632BFF97BD0086857F /* App.swift */,
				567D8FE12C0288DD007C4076 /* Grocery-Guru-Info.plist */,
				5639A5622BFF97BD0086857F /* Assets */,
				5639A56A2BFF97BD0086857F /* Models */,
				5639A5662BFF97BD0086857F /* Preview Content */,
				5639A5792BFFAB390086857F /* Repositories */,
				5639A5642BFF97BD0086857F /* Services */,
				56FFAC6E2C0BF32700D2D965 /* Utils */,
				56CA916C2C23932D0018198F /* UI Components */,
				5639A56F2BFF97BD0086857F /* Views */,
			);
			path = "Grocery Guru";
			sourceTree = "<group>";
		};
		5639A5472BFF95940086857F /* Grocery GuruTests */ = {
			isa = PBXGroup;
			children = (
				560AA7D52C02756600365B1F /* Assets.xcassets */,
				56AAD3042C1C535600BF8030 /* APIServiceTests.swift */,
				5639A5482BFF95940086857F /* LocalItemRepositoryTests.swift */,
				5683BBC22C13BE26001EF768 /* NavigationServiceTests.swift */,
				563F2F632C0F5D26005BA713 /* Mocks */,
			);
			path = "Grocery GuruTests";
			sourceTree = "<group>";
		};
		5639A5622BFF97BD0086857F /* Assets */ = {
			isa = PBXGroup;
			children = (
				5683BBF62C14EA1C001EF768 /* JSON-Example */,
				5639A5612BFF97BD0086857F /* Assets.xcassets */,
				56FFAC812C0CC82300D2D965 /* Localizable.xcstrings */,
				562DCABC2C7E62DE006CBFB6 /* Assets.swift */,
				56FAFB5C2C0BDA8900370D7F /* Constants.swift */,
			);
			path = Assets;
			sourceTree = "<group>";
		};
		5639A5642BFF97BD0086857F /* Services */ = {
			isa = PBXGroup;
			children = (
				560AA7D02C0262BA00365B1F /* TextRecognizerService.swift */,
				5683BBDA2C148DFD001EF768 /* API */,
				5683BBDB2C148E07001EF768 /* Navigation */,
			);
			path = Services;
			sourceTree = "<group>";
		};
		5639A5662BFF97BD0086857F /* Preview Content */ = {
			isa = PBXGroup;
			children = (
				5639A5652BFF97BD0086857F /* Preview Assets.xcassets */,
			);
			path = "Preview Content";
			sourceTree = "<group>";
		};
		5639A56A2BFF97BD0086857F /* Models */ = {
			isa = PBXGroup;
			children = (
				56346D4C2C0E68E000454E17 /* AddInvoiceOption.swift */,
				5635E32A2C24A746000A6628 /* CustomCategory.swift */,
				56FAFB5A2C0BD75900370D7F /* EmojiData.swift */,
				5639A5682BFF97BD0086857F /* InvoiceItem.swift */,
				5639A5692BFF97BD0086857F /* InvoiceItemCategory.swift */,
				563F2F692C0FC8EA005BA713 /* MeasureUnit.swift */,
				5655F7092C0D2D6F00C80708 /* NavigationDestination.swift */,
				5656BB9A2C24588F00A8F0F7 /* UserSettings.swift */,
				5683BBCF2C147F57001EF768 /* API */,
				563F2F662C0F5F8E005BA713 /* Errors */,
				5655F7062C0D2CF900C80708 /* Environment */,
				5683BBDE2C1497D6001EF768 /* OFF */,
			);
			path = Models;
			sourceTree = "<group>";
		};
		5639A56F2BFF97BD0086857F /* Views */ = {
			isa = PBXGroup;
			children = (
				56FFAC6B2C0BF15000D2D965 /* Components */,
				56346D492C0E670200454E17 /* Add Invoice */,
				56E964352BFFAFF40099ED2F /* Home */,
				56F49E4E2C26EEE500DE69E2 /* CategorySettingsView.swift */,
				56F49E502C26F31B00DE69E2 /* CategoryCreationViewmodel.swift */,
			);
			path = Views;
			sourceTree = "<group>";
		};
		5639A5792BFFAB390086857F /* Repositories */ = {
			isa = PBXGroup;
			children = (
				5683BBED2C14ADEE001EF768 /* OpenFoodFacts */,
				56F49E4D2C26EE9200DE69E2 /* Local Storage */,
			);
			path = Repositories;
			sourceTree = "<group>";
		};
		563F2F632C0F5D26005BA713 /* Mocks */ = {
			isa = PBXGroup;
			children = (
				56FFAC7F2C0C904F00D2D965 /* MockItemRepository.swift */,
				56AAD3062C1C550800BF8030 /* MockAPIService.swift */,
			);
			path = Mocks;
			sourceTree = "<group>";
		};
		563F2F662C0F5F8E005BA713 /* Errors */ = {
			isa = PBXGroup;
			children = (
				563F2F612C0F50D0005BA713 /* RepositoryError.swift */,
				5683BBD52C14870F001EF768 /* APIError.swift */,
				56AAD3022C1B9BB100BF8030 /* OFFError.swift */,
			);
			path = Errors;
			sourceTree = "<group>";
		};
		5655F7062C0D2CF900C80708 /* Environment */ = {
			isa = PBXGroup;
			children = (
				5655F7072C0D2D0800C80708 /* NavigationKey.swift */,
			);
			path = Environment;
			sourceTree = "<group>";
		};
		5656BB982C24237E00A8F0F7 /* Sections */ = {
			isa = PBXGroup;
			children = (
				56FFAC692C0BF13200D2D965 /* SectionHeader.swift */,
			);
			path = Sections;
			sourceTree = "<group>";
		};
		5683BBCF2C147F57001EF768 /* API */ = {
			isa = PBXGroup;
			children = (
				5683BBD32C14832A001EF768 /* HTTPMethod.swift */,
				5683BBD92C148DDB001EF768 /* Configs */,
				5683BBD02C147F60001EF768 /* Protocols */,
			);
			path = API;
			sourceTree = "<group>";
		};
		5683BBD02C147F60001EF768 /* Protocols */ = {
			isa = PBXGroup;
			children = (
				5683BBCD2C147F11001EF768 /* APIConfigProtocol.swift */,
			);
			path = Protocols;
			sourceTree = "<group>";
		};
		5683BBD92C148DDB001EF768 /* Configs */ = {
			isa = PBXGroup;
			children = (
				5683BBD12C147F7B001EF768 /* OFFAPIConfig.swift */,
			);
			path = Configs;
			sourceTree = "<group>";
		};
		5683BBDA2C148DFD001EF768 /* API */ = {
			isa = PBXGroup;
			children = (
				5683BBCB2C147ED7001EF768 /* APIService.swift */,
				5683BBD72C148D01001EF768 /* APIServiceProtocol.swift */,
			);
			path = API;
			sourceTree = "<group>";
		};
		5683BBDB2C148E07001EF768 /* Navigation */ = {
			isa = PBXGroup;
			children = (
				56FCC0342C0CF62A003EAA8B /* NavigationService.swift */,
				5655F70C2C0D2DA100C80708 /* NavigationServiceProtocol.swift */,
			);
			path = Navigation;
			sourceTree = "<group>";
		};
		5683BBDE2C1497D6001EF768 /* OFF */ = {
			isa = PBXGroup;
			children = (
				5683BBDF2C1497E3001EF768 /* OFFProductResult.swift */,
				5683BBE32C14A178001EF768 /* OFFProduct.swift */,
				5683BBE12C14A113001EF768 /* OFFNutriments.swift */,
				5683BBEB2C14AD07001EF768 /* OFFEndpoints.swift */,
			);
			path = OFF;
			sourceTree = "<group>";
		};
		5683BBE72C14A30A001EF768 /* Extension */ = {
			isa = PBXGroup;
			children = (
				5683BBE82C14A316001EF768 /* Bundle+decode.swift */,
			);
			path = Extension;
			sourceTree = "<group>";
		};
		5683BBED2C14ADEE001EF768 /* OpenFoodFacts */ = {
			isa = PBXGroup;
			children = (
				5683BBEE2C14AE12001EF768 /* OFFRepository.swift */,
				5683BBF02C14B0B7001EF768 /* OFFRepositoryProtocol.swift */,
			);
			path = OpenFoodFacts;
			sourceTree = "<group>";
		};
		5683BBF32C14E9D4001EF768 /* Open Food Facts */ = {
			isa = PBXGroup;
			children = (
				5683BBF42C14E9ED001EF768 /* OFFNutrimentsView.swift */,
			);
			path = "Open Food Facts";
			sourceTree = "<group>";
		};
		5683BBF62C14EA1C001EF768 /* JSON-Example */ = {
			isa = PBXGroup;
			children = (
				5683BBF72C14EA55001EF768 /* off_nutriments.json */,
			);
			path = "JSON-Example";
			sourceTree = "<group>";
		};
		568560DE2C15A520003BDAED /* Grocery GuruUITests */ = {
			isa = PBXGroup;
			children = (
				5620E1182C1850EC0027655A /* AccessibilityAuditTests.swift */,
				568560DF2C15A520003BDAED /* AddItemTests.swift */,
				568560EC2C15AF6D003BDAED /* Actions */,
			);
			path = "Grocery GuruUITests";
			sourceTree = "<group>";
		};
		568560E82C15A5EF003BDAED /* Accessibility */ = {
			isa = PBXGroup;
			children = (
				568560E92C15A60B003BDAED /* AccessibilityIdentifier.swift */,
			);
			path = Accessibility;
			sourceTree = "<group>";
		};
		568560EC2C15AF6D003BDAED /* Actions */ = {
			isa = PBXGroup;
			children = (
				568560EE2C15AF96003BDAED /* TapAction.swift */,
				568560F02C15B08F003BDAED /* TypeAction.swift */,
			);
			path = Actions;
			sourceTree = "<group>";
		};
		56CA916C2C23932D0018198F /* UI Components */ = {
			isa = PBXGroup;
			children = (
				5635E3302C24E427000A6628 /* Forms */,
				5620E11A2C1887AC0027655A /* Cards */,
				5656BB982C24237E00A8F0F7 /* Sections */,
				56346D482C0E669800454E17 /* Buttons */,
				56CA91702C239DAD0018198F /* Picker */,
			);
			path = "UI Components";
			sourceTree = "<group>";
		};
		56CA916D2C23933B0018198F /* Styles */ = {
			isa = PBXGroup;
			children = (
				56CA916E2C2393490018198F /* SecondaryButtonStyle.swift */,
			);
			path = Styles;
			sourceTree = "<group>";
		};
		56CA91702C239DAD0018198F /* Picker */ = {
			isa = PBXGroup;
			children = (
				56CA91712C239DC30018198F /* AddInvoicePicker.swift */,
				562DCAC02C7E69BE006CBFB6 /* EmojiPicker.swift */,
				56C121002C1CF5A400F56B3D /* InvoiceCategoryPicker.swift */,
				5635E32E2C24AEE1000A6628 /* MeasureUnitPicker.swift */,
			);
			path = Picker;
			sourceTree = "<group>";
		};
		56E964352BFFAFF40099ED2F /* Home */ = {
			isa = PBXGroup;
			children = (
				5639A56E2BFF97BD0086857F /* HomeView.swift */,
				56FFAC782C0C89E800D2D965 /* HomeViewList.swift */,
				560AA7D22C026C9D00365B1F /* HomeViewModel.swift */,
			);
			path = Home;
			sourceTree = "<group>";
		};
		56F49E4D2C26EE9200DE69E2 /* Local Storage */ = {
			isa = PBXGroup;
			children = (
				56E964332BFFABA70099ED2F /* SwiftDataRepository.swift */,
				562DCABA2C7E5AE6006CBFB6 /* LocalStorageRepository.swift */,
			);
			path = "Local Storage";
			sourceTree = "<group>";
		};
		56FAFB5E2C0BDAE400370D7F /* Invoice */ = {
			isa = PBXGroup;
			children = (
				56FAFB5F2C0BDB1200370D7F /* InvoiceCategoryCard.swift */,
				56FFAC762C0C888200D2D965 /* InvoiceCategoryCardList.swift */,
				5655F70F2C0D2E0100C80708 /* InvoiceItemList.swift */,
				5655F7112C0D346C00C80708 /* InvoiceItemListRow.swift */,
				563F2F672C0F70DC005BA713 /* InvoiceForm.swift */,
				5635E32C2C24AC87000A6628 /* InvoiceFormViewModel.swift */,
			);
			path = Invoice;
			sourceTree = "<group>";
		};
		56FFAC6B2C0BF15000D2D965 /* Components */ = {
			isa = PBXGroup;
			children = (
				5655F7132C0D36E300C80708 /* ErrorView.swift */,
				56AAD3002C1B8EF200BF8030 /* ErrorToast.swift */,
				56FAFB5E2C0BDAE400370D7F /* Invoice */,
				5683BBF32C14E9D4001EF768 /* Open Food Facts */,
				560AA7D42C026E5B00365B1F /* Scanner */,
			);
			path = Components;
			sourceTree = "<group>";
		};
		56FFAC6E2C0BF32700D2D965 /* Utils */ = {
			isa = PBXGroup;
			children = (
				568560E82C15A5EF003BDAED /* Accessibility */,
				5683BBE72C14A30A001EF768 /* Extension */,
			);
			path = Utils;
			sourceTree = "<group>";
		};
/* End PBXGroup section */

/* Begin PBXNativeTarget section */
		5639A5312BFF95930086857F /* Grocery Guru */ = {
			isa = PBXNativeTarget;
			buildConfigurationList = 5639A5582BFF95940086857F /* Build configuration list for PBXNativeTarget "Grocery Guru" */;
			buildPhases = (
				5639A52E2BFF95930086857F /* Sources */,
				56415D022C0CCBC700C58D4E /* ShellScript */,
				5639A52F2BFF95930086857F /* Frameworks */,
				5639A5302BFF95930086857F /* Resources */,
			);
			buildRules = (
			);
			dependencies = (
			);
			name = "Grocery Guru";
			packageProductDependencies = (
				5683BBC52C145E76001EF768 /* CodeScanner */,
			);
			productName = "Grocery Guru";
			productReference = 5639A5322BFF95930086857F /* Grocery Guru.app */;
			productType = "com.apple.product-type.application";
		};
		5639A5432BFF95940086857F /* Grocery GuruTests */ = {
			isa = PBXNativeTarget;
			buildConfigurationList = 5639A55B2BFF95940086857F /* Build configuration list for PBXNativeTarget "Grocery GuruTests" */;
			buildPhases = (
				5639A5402BFF95940086857F /* Sources */,
				5639A5412BFF95940086857F /* Frameworks */,
				5639A5422BFF95940086857F /* Resources */,
			);
			buildRules = (
			);
			dependencies = (
				5639A5462BFF95940086857F /* PBXTargetDependency */,
			);
			name = "Grocery GuruTests";
			productName = "Grocery GuruTests";
			productReference = 5639A5442BFF95940086857F /* Grocery GuruTests.xctest */;
			productType = "com.apple.product-type.bundle.unit-test";
		};
		568560DC2C15A520003BDAED /* Grocery GuruUITests */ = {
			isa = PBXNativeTarget;
			buildConfigurationList = 568560E72C15A520003BDAED /* Build configuration list for PBXNativeTarget "Grocery GuruUITests" */;
			buildPhases = (
				568560D92C15A520003BDAED /* Sources */,
				568560DA2C15A520003BDAED /* Frameworks */,
				568560DB2C15A520003BDAED /* Resources */,
			);
			buildRules = (
			);
			dependencies = (
				568560E42C15A520003BDAED /* PBXTargetDependency */,
			);
			name = "Grocery GuruUITests";
			productName = "Grocery GuruUITests";
			productReference = 568560DD2C15A520003BDAED /* Grocery GuruUITests.xctest */;
			productType = "com.apple.product-type.bundle.ui-testing";
		};
/* End PBXNativeTarget section */

/* Begin PBXProject section */
		5639A52A2BFF95930086857F /* Project object */ = {
			isa = PBXProject;
			attributes = {
				BuildIndependentTargetsInParallel = 1;
				LastSwiftUpdateCheck = 1540;
				LastUpgradeCheck = 1600;
				TargetAttributes = {
					5639A5312BFF95930086857F = {
						CreatedOnToolsVersion = 15.3;
						LastSwiftMigration = 1530;
					};
					5639A5432BFF95940086857F = {
						CreatedOnToolsVersion = 15.3;
						TestTargetID = 5639A5312BFF95930086857F;
					};
					568560DC2C15A520003BDAED = {
						CreatedOnToolsVersion = 15.4;
						TestTargetID = 5639A5312BFF95930086857F;
					};
				};
			};
			buildConfigurationList = 5639A52D2BFF95930086857F /* Build configuration list for PBXProject "Grocery Guru" */;
			compatibilityVersion = "Xcode 14.0";
			developmentRegion = en;
			hasScannedForEncodings = 0;
			knownRegions = (
				en,
				Base,
				de,
			);
			mainGroup = 5639A5292BFF95930086857F;
			packageReferences = (
				5683BBC42C145E76001EF768 /* XCRemoteSwiftPackageReference "CodeScanner" */,
			);
			productRefGroup = 5639A5332BFF95930086857F /* Products */;
			projectDirPath = "";
			projectRoot = "";
			targets = (
				5639A5312BFF95930086857F /* Grocery Guru */,
				5639A5432BFF95940086857F /* Grocery GuruTests */,
				568560DC2C15A520003BDAED /* Grocery GuruUITests */,
			);
		};
/* End PBXProject section */

/* Begin PBXResourcesBuildPhase section */
		5639A5302BFF95930086857F /* Resources */ = {
			isa = PBXResourcesBuildPhase;
			buildActionMask = 2147483647;
			files = (
				5683BBF82C14EA55001EF768 /* off_nutriments.json in Resources */,
				56415D012C0CCAE100C58D4E /* .swiftlint.yml in Resources */,
				5639A5722BFF97BD0086857F /* Preview Assets.xcassets in Resources */,
				5639A5702BFF97BD0086857F /* Assets.xcassets in Resources */,
				56FFAC822C0CC82300D2D965 /* Localizable.xcstrings in Resources */,
			);
			runOnlyForDeploymentPostprocessing = 0;
		};
		5639A5422BFF95940086857F /* Resources */ = {
			isa = PBXResourcesBuildPhase;
			buildActionMask = 2147483647;
			files = (
				560AA7D62C02756600365B1F /* Assets.xcassets in Resources */,
			);
			runOnlyForDeploymentPostprocessing = 0;
		};
		568560DB2C15A520003BDAED /* Resources */ = {
			isa = PBXResourcesBuildPhase;
			buildActionMask = 2147483647;
			files = (
			);
			runOnlyForDeploymentPostprocessing = 0;
		};
/* End PBXResourcesBuildPhase section */

/* Begin PBXShellScriptBuildPhase section */
		56415D022C0CCBC700C58D4E /* ShellScript */ = {
			isa = PBXShellScriptBuildPhase;
			alwaysOutOfDate = 1;
			buildActionMask = 2147483647;
			files = (
			);
			inputFileListPaths = (
			);
			inputPaths = (
			);
			outputFileListPaths = (
			);
			outputPaths = (
			);
			runOnlyForDeploymentPostprocessing = 0;
			shellPath = /bin/sh;
			shellScript = "# Type a script or drag a script file from your workspace to insert its path.\nif [[ \"$(uname -m)\" == arm64 ]]\nthen\n    export PATH=\"/opt/homebrew/bin:$PATH\"\nfi\n\nif command -v swiftlint >/dev/null 2>&1\nthen\n    swiftlint\nelse\n    brew install swiftlint\n    swiftlint\nfi\n";
		};
/* End PBXShellScriptBuildPhase section */

/* Begin PBXSourcesBuildPhase section */
		5639A52E2BFF95930086857F /* Sources */ = {
			isa = PBXSourcesBuildPhase;
			buildActionMask = 2147483647;
			files = (
				563F2F6A2C0FC8EA005BA713 /* MeasureUnit.swift in Sources */,
				5655F7142C0D36E300C80708 /* ErrorView.swift in Sources */,
				5683BBE22C14A113001EF768 /* OFFNutriments.swift in Sources */,
				56F49E4F2C26EEE500DE69E2 /* CategorySettingsView.swift in Sources */,
				560AA7CF2C02627C00365B1F /* DocumentScannerView.swift in Sources */,
				56B138F12C26C9CF00B35CA4 /* FormsAddInvoiceButton.swift in Sources */,
				5655F70A2C0D2D6F00C80708 /* NavigationDestination.swift in Sources */,
				5683BBCE2C147F11001EF768 /* APIConfigProtocol.swift in Sources */,
				562DCABD2C7E62DE006CBFB6 /* Assets.swift in Sources */,
				5683BBCC2C147ED7001EF768 /* APIService.swift in Sources */,
				560AA7D32C026C9D00365B1F /* HomeViewModel.swift in Sources */,
				56AAD3012C1B8EF200BF8030 /* ErrorToast.swift in Sources */,
				56B138EF2C26C90E00B35CA4 /* NameRow.swift in Sources */,
				56FFAC6A2C0BF13200D2D965 /* SectionHeader.swift in Sources */,
				5655F7102C0D2E0100C80708 /* InvoiceItemList.swift in Sources */,
				56AAD3032C1B9BB100BF8030 /* OFFError.swift in Sources */,
				5655F7082C0D2D0800C80708 /* NavigationKey.swift in Sources */,
				5620E11C2C1887D90027655A /* ResponsiveCard.swift in Sources */,
				5683BBD62C14870F001EF768 /* APIError.swift in Sources */,
				56FFAC792C0C89E800D2D965 /* HomeViewList.swift in Sources */,
				5639A5712BFF97BD0086857F /* App.swift in Sources */,
				560AA7D12C0262BA00365B1F /* TextRecognizerService.swift in Sources */,
				56CA91722C239DC30018198F /* AddInvoicePicker.swift in Sources */,
				56FFAC802C0C904F00D2D965 /* MockItemRepository.swift in Sources */,
				56346D4B2C0E671200454E17 /* AddInvoiceView.swift in Sources */,
				5635E32D2C24AC87000A6628 /* InvoiceFormViewModel.swift in Sources */,
				5635E3342C24E50D000A6628 /* CategoryRow.swift in Sources */,
				5635E32B2C24A746000A6628 /* CustomCategory.swift in Sources */,
				5639A5782BFF97BD0086857F /* HomeView.swift in Sources */,
				56346D4D2C0E68E000454E17 /* AddInvoiceOption.swift in Sources */,
				56FAFB5B2C0BD75900370D7F /* EmojiData.swift in Sources */,
				56FAFB5D2C0BDA8900370D7F /* Constants.swift in Sources */,
				5655F70D2C0D2DA100C80708 /* NavigationServiceProtocol.swift in Sources */,
				5683BBF52C14E9ED001EF768 /* OFFNutrimentsView.swift in Sources */,
				5639A5742BFF97BD0086857F /* InvoiceItem.swift in Sources */,
				5683BBC82C145EA0001EF768 /* BarcodeScannerView.swift in Sources */,
				56CA916F2C2393490018198F /* SecondaryButtonStyle.swift in Sources */,
				562DCABB2C7E5AE6006CBFB6 /* LocalStorageRepository.swift in Sources */,
				5635E32F2C24AEE1000A6628 /* MeasureUnitPicker.swift in Sources */,
				5656BB9B2C24588F00A8F0F7 /* UserSettings.swift in Sources */,
				562DCAC12C7E69BE006CBFB6 /* EmojiPicker.swift in Sources */,
				5683BBEF2C14AE12001EF768 /* OFFRepository.swift in Sources */,
				56FFAC7B2C0C8B9B00D2D965 /* ShowAddInvoiceButton.swift in Sources */,
				56FFAC772C0C888200D2D965 /* InvoiceCategoryCardList.swift in Sources */,
				56C121012C1CF5A400F56B3D /* InvoiceCategoryPicker.swift in Sources */,
				5683BBD82C148D01001EF768 /* APIServiceProtocol.swift in Sources */,
				5639A5752BFF97BD0086857F /* InvoiceItemCategory.swift in Sources */,
				5655F7122C0D346C00C80708 /* InvoiceItemListRow.swift in Sources */,
				56E964342BFFABA70099ED2F /* SwiftDataRepository.swift in Sources */,
				56AAD2FF2C1B83A000BF8030 /* BarcodeScannerViewModel.swift in Sources */,
				563F2F682C0F70DC005BA713 /* InvoiceForm.swift in Sources */,
				5683BBCA2C147BB3001EF768 /* ScannerOverlay.swift in Sources */,
				5683BBD22C147F7B001EF768 /* OFFAPIConfig.swift in Sources */,
				5635E3322C24E436000A6628 /* NutrimentsRow.swift in Sources */,
				562DCABF2C7E69A0006CBFB6 /* EmojiRow.swift in Sources */,
				56FAFB602C0BDB1200370D7F /* InvoiceCategoryCard.swift in Sources */,
				5683BBD42C14832A001EF768 /* HTTPMethod.swift in Sources */,
				568560EA2C15A60B003BDAED /* AccessibilityIdentifier.swift in Sources */,
				56FCC0352C0CF62A003EAA8B /* NavigationService.swift in Sources */,
				5683BBE92C14A316001EF768 /* Bundle+decode.swift in Sources */,
				56F49E512C26F31B00DE69E2 /* CategoryCreationViewmodel.swift in Sources */,
				563F2F622C0F50D0005BA713 /* RepositoryError.swift in Sources */,
				5683BBE42C14A178001EF768 /* OFFProduct.swift in Sources */,
				5683BBEC2C14AD07001EF768 /* OFFEndpoints.swift in Sources */,
				5683BBF12C14B0B7001EF768 /* OFFRepositoryProtocol.swift in Sources */,
				5683BBE02C1497E3001EF768 /* OFFProductResult.swift in Sources */,
				56B138ED2C26C8D700B35CA4 /* AmountRow.swift in Sources */,
			);
			runOnlyForDeploymentPostprocessing = 0;
		};
		5639A5402BFF95940086857F /* Sources */ = {
			isa = PBXSourcesBuildPhase;
			buildActionMask = 2147483647;
			files = (
				56AAD3072C1C550800BF8030 /* MockAPIService.swift in Sources */,
				56AAD3052C1C535600BF8030 /* APIServiceTests.swift in Sources */,
				5639A5492BFF95940086857F /* LocalItemRepositoryTests.swift in Sources */,
				5683BBC32C13BE26001EF768 /* NavigationServiceTests.swift in Sources */,
			);
			runOnlyForDeploymentPostprocessing = 0;
		};
		568560D92C15A520003BDAED /* Sources */ = {
			isa = PBXSourcesBuildPhase;
			buildActionMask = 2147483647;
			files = (
				568560E02C15A520003BDAED /* AddItemTests.swift in Sources */,
				568560EF2C15AF96003BDAED /* TapAction.swift in Sources */,
				568560F12C15B08F003BDAED /* TypeAction.swift in Sources */,
				5620E1192C1850EC0027655A /* AccessibilityAuditTests.swift in Sources */,
				568560F72C160B55003BDAED /* AccessibilityIdentifier.swift in Sources */,
			);
			runOnlyForDeploymentPostprocessing = 0;
		};
/* End PBXSourcesBuildPhase section */

/* Begin PBXTargetDependency section */
		5639A5462BFF95940086857F /* PBXTargetDependency */ = {
			isa = PBXTargetDependency;
			target = 5639A5312BFF95930086857F /* Grocery Guru */;
			targetProxy = 5639A5452BFF95940086857F /* PBXContainerItemProxy */;
		};
		568560E42C15A520003BDAED /* PBXTargetDependency */ = {
			isa = PBXTargetDependency;
			target = 5639A5312BFF95930086857F /* Grocery Guru */;
			targetProxy = 568560E32C15A520003BDAED /* PBXContainerItemProxy */;
		};
/* End PBXTargetDependency section */

/* Begin XCBuildConfiguration section */
		5639A5562BFF95940086857F /* Debug */ = {
			isa = XCBuildConfiguration;
			buildSettings = {
				ALWAYS_SEARCH_USER_PATHS = NO;
				ASSETCATALOG_COMPILER_GENERATE_SWIFT_ASSET_SYMBOL_EXTENSIONS = YES;
				CLANG_ANALYZER_LOCALIZABILITY_NONLOCALIZED = YES;
				CLANG_ANALYZER_NONNULL = YES;
				CLANG_ANALYZER_NUMBER_OBJECT_CONVERSION = YES_AGGRESSIVE;
				CLANG_CXX_LANGUAGE_STANDARD = "gnu++20";
				CLANG_ENABLE_MODULES = YES;
				CLANG_ENABLE_OBJC_ARC = YES;
				CLANG_ENABLE_OBJC_WEAK = YES;
				CLANG_WARN_BLOCK_CAPTURE_AUTORELEASING = YES;
				CLANG_WARN_BOOL_CONVERSION = YES;
				CLANG_WARN_COMMA = YES;
				CLANG_WARN_CONSTANT_CONVERSION = YES;
				CLANG_WARN_DEPRECATED_OBJC_IMPLEMENTATIONS = YES;
				CLANG_WARN_DIRECT_OBJC_ISA_USAGE = YES_ERROR;
				CLANG_WARN_DOCUMENTATION_COMMENTS = YES;
				CLANG_WARN_EMPTY_BODY = YES;
				CLANG_WARN_ENUM_CONVERSION = YES;
				CLANG_WARN_INFINITE_RECURSION = YES;
				CLANG_WARN_INT_CONVERSION = YES;
				CLANG_WARN_NON_LITERAL_NULL_CONVERSION = YES;
				CLANG_WARN_OBJC_IMPLICIT_RETAIN_SELF = YES;
				CLANG_WARN_OBJC_LITERAL_CONVERSION = YES;
				CLANG_WARN_OBJC_ROOT_CLASS = YES_ERROR;
				CLANG_WARN_QUOTED_INCLUDE_IN_FRAMEWORK_HEADER = YES;
				CLANG_WARN_RANGE_LOOP_ANALYSIS = YES;
				CLANG_WARN_STRICT_PROTOTYPES = YES;
				CLANG_WARN_SUSPICIOUS_MOVE = YES;
				CLANG_WARN_UNGUARDED_AVAILABILITY = YES_AGGRESSIVE;
				CLANG_WARN_UNREACHABLE_CODE = YES;
				CLANG_WARN__DUPLICATE_METHOD_MATCH = YES;
				COPY_PHASE_STRIP = NO;
				DEBUG_INFORMATION_FORMAT = dwarf;
				ENABLE_STRICT_OBJC_MSGSEND = YES;
				ENABLE_TESTABILITY = YES;
				ENABLE_USER_SCRIPT_SANDBOXING = YES;
				GCC_C_LANGUAGE_STANDARD = gnu17;
				GCC_DYNAMIC_NO_PIC = NO;
				GCC_NO_COMMON_BLOCKS = YES;
				GCC_OPTIMIZATION_LEVEL = 0;
				GCC_PREPROCESSOR_DEFINITIONS = (
					"DEBUG=1",
					"$(inherited)",
				);
				GCC_WARN_64_TO_32_BIT_CONVERSION = YES;
				GCC_WARN_ABOUT_RETURN_TYPE = YES_ERROR;
				GCC_WARN_UNDECLARED_SELECTOR = YES;
				GCC_WARN_UNINITIALIZED_AUTOS = YES_AGGRESSIVE;
				GCC_WARN_UNUSED_FUNCTION = YES;
				GCC_WARN_UNUSED_VARIABLE = YES;
				IPHONEOS_DEPLOYMENT_TARGET = 17.4;
				LOCALIZATION_PREFERS_STRING_CATALOGS = YES;
				MTL_ENABLE_DEBUG_INFO = INCLUDE_SOURCE;
				MTL_FAST_MATH = YES;
				ONLY_ACTIVE_ARCH = YES;
				SDKROOT = iphoneos;
				SWIFT_ACTIVE_COMPILATION_CONDITIONS = "DEBUG $(inherited)";
				SWIFT_OPTIMIZATION_LEVEL = "-Onone";
			};
			name = Debug;
		};
		5639A5572BFF95940086857F /* Release */ = {
			isa = XCBuildConfiguration;
			buildSettings = {
				ALWAYS_SEARCH_USER_PATHS = NO;
				ASSETCATALOG_COMPILER_GENERATE_SWIFT_ASSET_SYMBOL_EXTENSIONS = YES;
				CLANG_ANALYZER_LOCALIZABILITY_NONLOCALIZED = YES;
				CLANG_ANALYZER_NONNULL = YES;
				CLANG_ANALYZER_NUMBER_OBJECT_CONVERSION = YES_AGGRESSIVE;
				CLANG_CXX_LANGUAGE_STANDARD = "gnu++20";
				CLANG_ENABLE_MODULES = YES;
				CLANG_ENABLE_OBJC_ARC = YES;
				CLANG_ENABLE_OBJC_WEAK = YES;
				CLANG_WARN_BLOCK_CAPTURE_AUTORELEASING = YES;
				CLANG_WARN_BOOL_CONVERSION = YES;
				CLANG_WARN_COMMA = YES;
				CLANG_WARN_CONSTANT_CONVERSION = YES;
				CLANG_WARN_DEPRECATED_OBJC_IMPLEMENTATIONS = YES;
				CLANG_WARN_DIRECT_OBJC_ISA_USAGE = YES_ERROR;
				CLANG_WARN_DOCUMENTATION_COMMENTS = YES;
				CLANG_WARN_EMPTY_BODY = YES;
				CLANG_WARN_ENUM_CONVERSION = YES;
				CLANG_WARN_INFINITE_RECURSION = YES;
				CLANG_WARN_INT_CONVERSION = YES;
				CLANG_WARN_NON_LITERAL_NULL_CONVERSION = YES;
				CLANG_WARN_OBJC_IMPLICIT_RETAIN_SELF = YES;
				CLANG_WARN_OBJC_LITERAL_CONVERSION = YES;
				CLANG_WARN_OBJC_ROOT_CLASS = YES_ERROR;
				CLANG_WARN_QUOTED_INCLUDE_IN_FRAMEWORK_HEADER = YES;
				CLANG_WARN_RANGE_LOOP_ANALYSIS = YES;
				CLANG_WARN_STRICT_PROTOTYPES = YES;
				CLANG_WARN_SUSPICIOUS_MOVE = YES;
				CLANG_WARN_UNGUARDED_AVAILABILITY = YES_AGGRESSIVE;
				CLANG_WARN_UNREACHABLE_CODE = YES;
				CLANG_WARN__DUPLICATE_METHOD_MATCH = YES;
				COPY_PHASE_STRIP = NO;
				DEBUG_INFORMATION_FORMAT = "dwarf-with-dsym";
				ENABLE_NS_ASSERTIONS = NO;
				ENABLE_STRICT_OBJC_MSGSEND = YES;
				ENABLE_USER_SCRIPT_SANDBOXING = YES;
				GCC_C_LANGUAGE_STANDARD = gnu17;
				GCC_NO_COMMON_BLOCKS = YES;
				GCC_WARN_64_TO_32_BIT_CONVERSION = YES;
				GCC_WARN_ABOUT_RETURN_TYPE = YES_ERROR;
				GCC_WARN_UNDECLARED_SELECTOR = YES;
				GCC_WARN_UNINITIALIZED_AUTOS = YES_AGGRESSIVE;
				GCC_WARN_UNUSED_FUNCTION = YES;
				GCC_WARN_UNUSED_VARIABLE = YES;
				IPHONEOS_DEPLOYMENT_TARGET = 17.4;
				LOCALIZATION_PREFERS_STRING_CATALOGS = YES;
				MTL_ENABLE_DEBUG_INFO = NO;
				MTL_FAST_MATH = YES;
				SDKROOT = iphoneos;
				SWIFT_ACTIVE_COMPILATION_CONDITIONS = RELEASE;
				SWIFT_COMPILATION_MODE = wholemodule;
				VALIDATE_PRODUCT = YES;
			};
			name = Release;
		};
		5639A5592BFF95940086857F /* Debug */ = {
			isa = XCBuildConfiguration;
			buildSettings = {
				ASSETCATALOG_COMPILER_APPICON_NAME = AppIcon;
				ASSETCATALOG_COMPILER_GLOBAL_ACCENT_COLOR_NAME = AccentColor;
				CLANG_ENABLE_MODULES = YES;
				CODE_SIGN_STYLE = Automatic;
				CURRENT_PROJECT_VERSION = 3;
				DEVELOPMENT_ASSET_PATHS = "\"Grocery Guru/Preview Content\"";
				DEVELOPMENT_TEAM = KLXF66UW7Z;
				ENABLE_PREVIEWS = YES;
				ENABLE_USER_SCRIPT_SANDBOXING = NO;
				GENERATE_INFOPLIST_FILE = YES;
				INFOPLIST_FILE = "Grocery-Guru-Info.plist";
				INFOPLIST_KEY_NSCameraUsageDescription = "By approving you'll allow us to scan your invoices.";
				INFOPLIST_KEY_UIApplicationSceneManifest_Generation = YES;
				INFOPLIST_KEY_UIApplicationSupportsIndirectInputEvents = YES;
				INFOPLIST_KEY_UILaunchScreen_Generation = YES;
				INFOPLIST_KEY_UISupportedInterfaceOrientations = UIInterfaceOrientationPortrait;
				INFOPLIST_KEY_UISupportedInterfaceOrientations_iPad = "UIInterfaceOrientationLandscapeLeft UIInterfaceOrientationLandscapeRight UIInterfaceOrientationPortrait UIInterfaceOrientationPortraitUpsideDown";
				LD_RUNPATH_SEARCH_PATHS = (
					"$(inherited)",
					"@executable_path/Frameworks",
				);
				MARKETING_VERSION = 0.1;
				PRODUCT_BUNDLE_IDENTIFIER = "com.grocerytech-labs.Grocery-Guru";
				PRODUCT_NAME = "$(TARGET_NAME)";
				SWIFT_EMIT_LOC_STRINGS = YES;
				SWIFT_OPTIMIZATION_LEVEL = "-Onone";
				SWIFT_VERSION = 5.0;
				TARGETED_DEVICE_FAMILY = "1,2";
			};
			name = Debug;
		};
		5639A55A2BFF95940086857F /* Release */ = {
			isa = XCBuildConfiguration;
			buildSettings = {
				ASSETCATALOG_COMPILER_APPICON_NAME = AppIcon;
				ASSETCATALOG_COMPILER_GLOBAL_ACCENT_COLOR_NAME = AccentColor;
				CLANG_ENABLE_MODULES = YES;
				CODE_SIGN_STYLE = Automatic;
				CURRENT_PROJECT_VERSION = 3;
				DEVELOPMENT_ASSET_PATHS = "\"Grocery Guru/Preview Content\"";
				DEVELOPMENT_TEAM = KLXF66UW7Z;
				ENABLE_PREVIEWS = YES;
				ENABLE_USER_SCRIPT_SANDBOXING = NO;
				GENERATE_INFOPLIST_FILE = YES;
				INFOPLIST_FILE = "Grocery-Guru-Info.plist";
				INFOPLIST_KEY_NSCameraUsageDescription = "By approving you'll allow us to scan your invoices.";
				INFOPLIST_KEY_UIApplicationSceneManifest_Generation = YES;
				INFOPLIST_KEY_UIApplicationSupportsIndirectInputEvents = YES;
				INFOPLIST_KEY_UILaunchScreen_Generation = YES;
				INFOPLIST_KEY_UISupportedInterfaceOrientations = UIInterfaceOrientationPortrait;
				INFOPLIST_KEY_UISupportedInterfaceOrientations_iPad = "UIInterfaceOrientationLandscapeLeft UIInterfaceOrientationLandscapeRight UIInterfaceOrientationPortrait UIInterfaceOrientationPortraitUpsideDown";
				LD_RUNPATH_SEARCH_PATHS = (
					"$(inherited)",
					"@executable_path/Frameworks",
				);
				MARKETING_VERSION = 0.1;
				PRODUCT_BUNDLE_IDENTIFIER = "com.grocerytech-labs.Grocery-Guru";
				PRODUCT_NAME = "$(TARGET_NAME)";
				SWIFT_EMIT_LOC_STRINGS = YES;
				SWIFT_VERSION = 5.0;
				TARGETED_DEVICE_FAMILY = "1,2";
			};
			name = Release;
		};
		5639A55C2BFF95940086857F /* Debug */ = {
			isa = XCBuildConfiguration;
			buildSettings = {
				BUNDLE_LOADER = "$(TEST_HOST)";
				CODE_SIGN_STYLE = Automatic;
				CURRENT_PROJECT_VERSION = 1;
				DEVELOPMENT_TEAM = KLXF66UW7Z;
				GENERATE_INFOPLIST_FILE = YES;
				IPHONEOS_DEPLOYMENT_TARGET = 17.4;
				MARKETING_VERSION = 1.0;
				PRODUCT_BUNDLE_IDENTIFIER = "com.grocerytech-labs.Grocery-GuruTests";
				PRODUCT_NAME = "$(TARGET_NAME)";
				SWIFT_EMIT_LOC_STRINGS = NO;
				SWIFT_VERSION = 5.0;
				TARGETED_DEVICE_FAMILY = "1,2";
				TEST_HOST = "$(BUILT_PRODUCTS_DIR)/Grocery Guru.app/$(BUNDLE_EXECUTABLE_FOLDER_PATH)/Grocery Guru";
			};
			name = Debug;
		};
		5639A55D2BFF95940086857F /* Release */ = {
			isa = XCBuildConfiguration;
			buildSettings = {
				BUNDLE_LOADER = "$(TEST_HOST)";
				CODE_SIGN_STYLE = Automatic;
				CURRENT_PROJECT_VERSION = 1;
				DEVELOPMENT_TEAM = KLXF66UW7Z;
				GENERATE_INFOPLIST_FILE = YES;
				IPHONEOS_DEPLOYMENT_TARGET = 17.4;
				MARKETING_VERSION = 1.0;
				PRODUCT_BUNDLE_IDENTIFIER = "com.grocerytech-labs.Grocery-GuruTests";
				PRODUCT_NAME = "$(TARGET_NAME)";
				SWIFT_EMIT_LOC_STRINGS = NO;
				SWIFT_VERSION = 5.0;
				TARGETED_DEVICE_FAMILY = "1,2";
				TEST_HOST = "$(BUILT_PRODUCTS_DIR)/Grocery Guru.app/$(BUNDLE_EXECUTABLE_FOLDER_PATH)/Grocery Guru";
			};
			name = Release;
		};
		568560E52C15A520003BDAED /* Debug */ = {
			isa = XCBuildConfiguration;
			buildSettings = {
				CODE_SIGN_STYLE = Automatic;
				CURRENT_PROJECT_VERSION = 1;
				DEVELOPMENT_TEAM = KLXF66UW7Z;
				GENERATE_INFOPLIST_FILE = YES;
				IPHONEOS_DEPLOYMENT_TARGET = 17.5;
				MARKETING_VERSION = 1.0;
				PRODUCT_BUNDLE_IDENTIFIER = "dev.maetze.Grocery-GuruUITests";
				PRODUCT_NAME = "$(TARGET_NAME)";
				SWIFT_EMIT_LOC_STRINGS = NO;
				SWIFT_VERSION = 5.0;
				TARGETED_DEVICE_FAMILY = "1,2";
				TEST_TARGET_NAME = "Grocery Guru";
			};
			name = Debug;
		};
		568560E62C15A520003BDAED /* Release */ = {
			isa = XCBuildConfiguration;
			buildSettings = {
				CODE_SIGN_STYLE = Automatic;
				CURRENT_PROJECT_VERSION = 1;
				DEVELOPMENT_TEAM = KLXF66UW7Z;
				GENERATE_INFOPLIST_FILE = YES;
				IPHONEOS_DEPLOYMENT_TARGET = 17.5;
				MARKETING_VERSION = 1.0;
				PRODUCT_BUNDLE_IDENTIFIER = "dev.maetze.Grocery-GuruUITests";
				PRODUCT_NAME = "$(TARGET_NAME)";
				SWIFT_EMIT_LOC_STRINGS = NO;
				SWIFT_VERSION = 5.0;
				TARGETED_DEVICE_FAMILY = "1,2";
				TEST_TARGET_NAME = "Grocery Guru";
			};
			name = Release;
		};
/* End XCBuildConfiguration section */

/* Begin XCConfigurationList section */
		5639A52D2BFF95930086857F /* Build configuration list for PBXProject "Grocery Guru" */ = {
			isa = XCConfigurationList;
			buildConfigurations = (
				5639A5562BFF95940086857F /* Debug */,
				5639A5572BFF95940086857F /* Release */,
			);
			defaultConfigurationIsVisible = 0;
			defaultConfigurationName = Release;
		};
		5639A5582BFF95940086857F /* Build configuration list for PBXNativeTarget "Grocery Guru" */ = {
			isa = XCConfigurationList;
			buildConfigurations = (
				5639A5592BFF95940086857F /* Debug */,
				5639A55A2BFF95940086857F /* Release */,
			);
			defaultConfigurationIsVisible = 0;
			defaultConfigurationName = Release;
		};
		5639A55B2BFF95940086857F /* Build configuration list for PBXNativeTarget "Grocery GuruTests" */ = {
			isa = XCConfigurationList;
			buildConfigurations = (
				5639A55C2BFF95940086857F /* Debug */,
				5639A55D2BFF95940086857F /* Release */,
			);
			defaultConfigurationIsVisible = 0;
			defaultConfigurationName = Release;
		};
		568560E72C15A520003BDAED /* Build configuration list for PBXNativeTarget "Grocery GuruUITests" */ = {
			isa = XCConfigurationList;
			buildConfigurations = (
				568560E52C15A520003BDAED /* Debug */,
				568560E62C15A520003BDAED /* Release */,
			);
			defaultConfigurationIsVisible = 0;
			defaultConfigurationName = Release;
		};
/* End XCConfigurationList section */

/* Begin XCRemoteSwiftPackageReference section */
		5683BBC42C145E76001EF768 /* XCRemoteSwiftPackageReference "CodeScanner" */ = {
			isa = XCRemoteSwiftPackageReference;
			repositoryURL = "https://github.com/twostraws/CodeScanner.git";
			requirement = {
				kind = upToNextMajorVersion;
				minimumVersion = 2.5.0;
			};
		};
/* End XCRemoteSwiftPackageReference section */

/* Begin XCSwiftPackageProductDependency section */
		5683BBC52C145E76001EF768 /* CodeScanner */ = {
			isa = XCSwiftPackageProductDependency;
			package = 5683BBC42C145E76001EF768 /* XCRemoteSwiftPackageReference "CodeScanner" */;
			productName = CodeScanner;
		};
/* End XCSwiftPackageProductDependency section */
	};
	rootObject = 5639A52A2BFF95930086857F /* Project object */;
}
